// !$*UTF8*$!
{
	archiveVersion = 1;
	classes = {
	};
	objectVersion = 46;
	objects = {

/* Begin PBXBuildFile section */
		4AAE3C6D1D546758005C5AED /* main.m in Sources */ = {isa = PBXBuildFile; fileRef = 4AAE3C6C1D546758005C5AED /* main.m */; };
		4AAE3C701D546758005C5AED /* AppDelegate.m in Sources */ = {isa = PBXBuildFile; fileRef = 4AAE3C6F1D546758005C5AED /* AppDelegate.m */; };
		4AAE3C731D546758005C5AED /* ViewController.m in Sources */ = {isa = PBXBuildFile; fileRef = 4AAE3C721D546758005C5AED /* ViewController.m */; };
		4AAE3C761D546758005C5AED /* Main.storyboard in Resources */ = {isa = PBXBuildFile; fileRef = 4AAE3C741D546758005C5AED /* Main.storyboard */; };
		4AAE3C781D546758005C5AED /* Assets.xcassets in Resources */ = {isa = PBXBuildFile; fileRef = 4AAE3C771D546758005C5AED /* Assets.xcassets */; };
		4AAE3C7B1D546758005C5AED /* LaunchScreen.storyboard in Resources */ = {isa = PBXBuildFile; fileRef = 4AAE3C791D546758005C5AED /* LaunchScreen.storyboard */; };
		4AAE3C841D5467E8005C5AED /* TestVC.m in Sources */ = {isa = PBXBuildFile; fileRef = 4AAE3C831D5467E8005C5AED /* TestVC.m */; };
		4AAE3C8B1D546C21005C5AED /* UIScrollView+NYRefresh.m in Sources */ = {isa = PBXBuildFile; fileRef = 4AAE3C8A1D546C21005C5AED /* UIScrollView+NYRefresh.m */; };
		4AAE3C8E1D546DCE005C5AED /* NYRefreshHeader.m in Sources */ = {isa = PBXBuildFile; fileRef = 4AAE3C8D1D546DCE005C5AED /* NYRefreshHeader.m */; };
		4AAE3C911D5479DA005C5AED /* UIView+NYRefresh.m in Sources */ = {isa = PBXBuildFile; fileRef = 4AAE3C901D5479DA005C5AED /* UIView+NYRefresh.m */; };
		4AF6AFDF1D66E08600AD1034 /* headpull00.png in Resources */ = {isa = PBXBuildFile; fileRef = 4AF6AF661D66E08600AD1034 /* headpull00.png */; };
		4AF6AFE01D66E08600AD1034 /* headpull01.png in Resources */ = {isa = PBXBuildFile; fileRef = 4AF6AF671D66E08600AD1034 /* headpull01.png */; };
		4AF6AFE11D66E08600AD1034 /* headpull02.png in Resources */ = {isa = PBXBuildFile; fileRef = 4AF6AF681D66E08600AD1034 /* headpull02.png */; };
		4AF6AFE21D66E08600AD1034 /* headpull03.png in Resources */ = {isa = PBXBuildFile; fileRef = 4AF6AF691D66E08600AD1034 /* headpull03.png */; };
		4AF6AFE31D66E08600AD1034 /* headpull04.png in Resources */ = {isa = PBXBuildFile; fileRef = 4AF6AF6A1D66E08600AD1034 /* headpull04.png */; };
		4AF6AFE41D66E08600AD1034 /* headpull05.png in Resources */ = {isa = PBXBuildFile; fileRef = 4AF6AF6B1D66E08600AD1034 /* headpull05.png */; };
		4AF6AFE51D66E08600AD1034 /* headpull06.png in Resources */ = {isa = PBXBuildFile; fileRef = 4AF6AF6C1D66E08600AD1034 /* headpull06.png */; };
		4AF6AFE61D66E08600AD1034 /* headpull07.png in Resources */ = {isa = PBXBuildFile; fileRef = 4AF6AF6D1D66E08600AD1034 /* headpull07.png */; };
		4AF6AFE71D66E08600AD1034 /* headpull08.png in Resources */ = {isa = PBXBuildFile; fileRef = 4AF6AF6E1D66E08600AD1034 /* headpull08.png */; };
		4AF6AFE81D66E08600AD1034 /* headpull09.png in Resources */ = {isa = PBXBuildFile; fileRef = 4AF6AF6F1D66E08600AD1034 /* headpull09.png */; };
		4AF6AFE91D66E08600AD1034 /* headpull10.png in Resources */ = {isa = PBXBuildFile; fileRef = 4AF6AF701D66E08600AD1034 /* headpull10.png */; };
		4AF6AFEA1D66E08600AD1034 /* headpull11.png in Resources */ = {isa = PBXBuildFile; fileRef = 4AF6AF711D66E08600AD1034 /* headpull11.png */; };
		4AF6AFEB1D66E08600AD1034 /* headpull12.png in Resources */ = {isa = PBXBuildFile; fileRef = 4AF6AF721D66E08600AD1034 /* headpull12.png */; };
		4AF6AFEC1D66E08600AD1034 /* headpull13.png in Resources */ = {isa = PBXBuildFile; fileRef = 4AF6AF731D66E08600AD1034 /* headpull13.png */; };
		4AF6AFED1D66E08600AD1034 /* headpull14.png in Resources */ = {isa = PBXBuildFile; fileRef = 4AF6AF741D66E08600AD1034 /* headpull14.png */; };
		4AF6AFEE1D66E08600AD1034 /* headpull15.png in Resources */ = {isa = PBXBuildFile; fileRef = 4AF6AF751D66E08600AD1034 /* headpull15.png */; };
		4AF6AFEF1D66E08600AD1034 /* headpull16.png in Resources */ = {isa = PBXBuildFile; fileRef = 4AF6AF761D66E08600AD1034 /* headpull16.png */; };
		4AF6AFF01D66E08600AD1034 /* headpull17.png in Resources */ = {isa = PBXBuildFile; fileRef = 4AF6AF771D66E08600AD1034 /* headpull17.png */; };
		4AF6AFF11D66E08600AD1034 /* headpull18.png in Resources */ = {isa = PBXBuildFile; fileRef = 4AF6AF781D66E08600AD1034 /* headpull18.png */; };
		4AF6AFF21D66E08600AD1034 /* headpull19.png in Resources */ = {isa = PBXBuildFile; fileRef = 4AF6AF791D66E08600AD1034 /* headpull19.png */; };
		4AF6AFF31D66E08600AD1034 /* headpull20.png in Resources */ = {isa = PBXBuildFile; fileRef = 4AF6AF7A1D66E08600AD1034 /* headpull20.png */; };
		4AF6AFF41D66E08600AD1034 /* headpull21.png in Resources */ = {isa = PBXBuildFile; fileRef = 4AF6AF7B1D66E08600AD1034 /* headpull21.png */; };
		4AF6AFF51D66E08600AD1034 /* headpull22.png in Resources */ = {isa = PBXBuildFile; fileRef = 4AF6AF7C1D66E08600AD1034 /* headpull22.png */; };
		4AF6AFF61D66E08600AD1034 /* headpull23.png in Resources */ = {isa = PBXBuildFile; fileRef = 4AF6AF7D1D66E08600AD1034 /* headpull23.png */; };
		4AF6AFF71D66E08600AD1034 /* headpull24.png in Resources */ = {isa = PBXBuildFile; fileRef = 4AF6AF7E1D66E08600AD1034 /* headpull24.png */; };
		4AF6AFF81D66E08600AD1034 /* headpull25.png in Resources */ = {isa = PBXBuildFile; fileRef = 4AF6AF7F1D66E08600AD1034 /* headpull25.png */; };
		4AF6AFF91D66E08600AD1034 /* headpull26.png in Resources */ = {isa = PBXBuildFile; fileRef = 4AF6AF801D66E08600AD1034 /* headpull26.png */; };
		4AF6AFFA1D66E08600AD1034 /* headpull27.png in Resources */ = {isa = PBXBuildFile; fileRef = 4AF6AF811D66E08600AD1034 /* headpull27.png */; };
		4AF6AFFB1D66E08600AD1034 /* headpull28.png in Resources */ = {isa = PBXBuildFile; fileRef = 4AF6AF821D66E08600AD1034 /* headpull28.png */; };
		4AF6AFFC1D66E08600AD1034 /* headpull29.png in Resources */ = {isa = PBXBuildFile; fileRef = 4AF6AF831D66E08600AD1034 /* headpull29.png */; };
		4AF6AFFD1D66E08600AD1034 /* headpull30.png in Resources */ = {isa = PBXBuildFile; fileRef = 4AF6AF841D66E08600AD1034 /* headpull30.png */; };
		4AF6AFFE1D66E08600AD1034 /* headpull31.png in Resources */ = {isa = PBXBuildFile; fileRef = 4AF6AF851D66E08600AD1034 /* headpull31.png */; };
		4AF6AFFF1D66E08600AD1034 /* headpull32.png in Resources */ = {isa = PBXBuildFile; fileRef = 4AF6AF861D66E08600AD1034 /* headpull32.png */; };
		4AF6B0001D66E08600AD1034 /* headpull33.png in Resources */ = {isa = PBXBuildFile; fileRef = 4AF6AF871D66E08600AD1034 /* headpull33.png */; };
		4AF6B0011D66E08600AD1034 /* headpull34.png in Resources */ = {isa = PBXBuildFile; fileRef = 4AF6AF881D66E08600AD1034 /* headpull34.png */; };
		4AF6B0021D66E08600AD1034 /* headpull35.png in Resources */ = {isa = PBXBuildFile; fileRef = 4AF6AF891D66E08600AD1034 /* headpull35.png */; };
		4AF6B0031D66E08600AD1034 /* headpull36.png in Resources */ = {isa = PBXBuildFile; fileRef = 4AF6AF8A1D66E08600AD1034 /* headpull36.png */; };
		4AF6B0041D66E08600AD1034 /* headpull37.png in Resources */ = {isa = PBXBuildFile; fileRef = 4AF6AF8B1D66E08600AD1034 /* headpull37.png */; };
		4AF6B0051D66E08600AD1034 /* headpull38.png in Resources */ = {isa = PBXBuildFile; fileRef = 4AF6AF8C1D66E08600AD1034 /* headpull38.png */; };
		4AF6B0061D66E08600AD1034 /* headpull39.png in Resources */ = {isa = PBXBuildFile; fileRef = 4AF6AF8D1D66E08600AD1034 /* headpull39.png */; };
		4AF6B0071D66E08600AD1034 /* headpull40.png in Resources */ = {isa = PBXBuildFile; fileRef = 4AF6AF8E1D66E08600AD1034 /* headpull40.png */; };
		4AF6B0081D66E08600AD1034 /* headpull41.png in Resources */ = {isa = PBXBuildFile; fileRef = 4AF6AF8F1D66E08600AD1034 /* headpull41.png */; };
		4AF6B0091D66E08600AD1034 /* headpull42.png in Resources */ = {isa = PBXBuildFile; fileRef = 4AF6AF901D66E08600AD1034 /* headpull42.png */; };
		4AF6B00A1D66E08600AD1034 /* headpull43.png in Resources */ = {isa = PBXBuildFile; fileRef = 4AF6AF911D66E08600AD1034 /* headpull43.png */; };
		4AF6B00B1D66E08600AD1034 /* headpull44.png in Resources */ = {isa = PBXBuildFile; fileRef = 4AF6AF921D66E08600AD1034 /* headpull44.png */; };
		4AF6B00C1D66E08600AD1034 /* headpull45.png in Resources */ = {isa = PBXBuildFile; fileRef = 4AF6AF931D66E08600AD1034 /* headpull45.png */; };
		4AF6B00D1D66E08600AD1034 /* headpull46.png in Resources */ = {isa = PBXBuildFile; fileRef = 4AF6AF941D66E08600AD1034 /* headpull46.png */; };
		4AF6B00E1D66E08600AD1034 /* headpull47.png in Resources */ = {isa = PBXBuildFile; fileRef = 4AF6AF951D66E08600AD1034 /* headpull47.png */; };
		4AF6B00F1D66E08600AD1034 /* headpull48.png in Resources */ = {isa = PBXBuildFile; fileRef = 4AF6AF961D66E08600AD1034 /* headpull48.png */; };
		4AF6B0101D66E08600AD1034 /* headpull49.png in Resources */ = {isa = PBXBuildFile; fileRef = 4AF6AF971D66E08600AD1034 /* headpull49.png */; };
		4AF6B0111D66E08600AD1034 /* headrefresh050.png in Resources */ = {isa = PBXBuildFile; fileRef = 4AF6AF991D66E08600AD1034 /* headrefresh050.png */; };
		4AF6B0121D66E08600AD1034 /* headrefresh051.png in Resources */ = {isa = PBXBuildFile; fileRef = 4AF6AF9A1D66E08600AD1034 /* headrefresh051.png */; };
		4AF6B0131D66E08600AD1034 /* headrefresh052.png in Resources */ = {isa = PBXBuildFile; fileRef = 4AF6AF9B1D66E08600AD1034 /* headrefresh052.png */; };
		4AF6B0141D66E08600AD1034 /* headrefresh053.png in Resources */ = {isa = PBXBuildFile; fileRef = 4AF6AF9C1D66E08600AD1034 /* headrefresh053.png */; };
		4AF6B0151D66E08600AD1034 /* headrefresh054.png in Resources */ = {isa = PBXBuildFile; fileRef = 4AF6AF9D1D66E08600AD1034 /* headrefresh054.png */; };
		4AF6B0161D66E08600AD1034 /* headrefresh055.png in Resources */ = {isa = PBXBuildFile; fileRef = 4AF6AF9E1D66E08600AD1034 /* headrefresh055.png */; };
		4AF6B0171D66E08600AD1034 /* headrefresh056.png in Resources */ = {isa = PBXBuildFile; fileRef = 4AF6AF9F1D66E08600AD1034 /* headrefresh056.png */; };
		4AF6B0181D66E08600AD1034 /* headrefresh057.png in Resources */ = {isa = PBXBuildFile; fileRef = 4AF6AFA01D66E08600AD1034 /* headrefresh057.png */; };
		4AF6B0191D66E08600AD1034 /* headrefresh058.png in Resources */ = {isa = PBXBuildFile; fileRef = 4AF6AFA11D66E08600AD1034 /* headrefresh058.png */; };
		4AF6B01A1D66E08600AD1034 /* headrefresh059.png in Resources */ = {isa = PBXBuildFile; fileRef = 4AF6AFA21D66E08600AD1034 /* headrefresh059.png */; };
		4AF6B01B1D66E08600AD1034 /* headrefresh060.png in Resources */ = {isa = PBXBuildFile; fileRef = 4AF6AFA31D66E08600AD1034 /* headrefresh060.png */; };
		4AF6B01C1D66E08600AD1034 /* headrefresh061.png in Resources */ = {isa = PBXBuildFile; fileRef = 4AF6AFA41D66E08600AD1034 /* headrefresh061.png */; };
		4AF6B01D1D66E08600AD1034 /* headrefresh062.png in Resources */ = {isa = PBXBuildFile; fileRef = 4AF6AFA51D66E08600AD1034 /* headrefresh062.png */; };
		4AF6B01E1D66E08600AD1034 /* headrefresh063.png in Resources */ = {isa = PBXBuildFile; fileRef = 4AF6AFA61D66E08600AD1034 /* headrefresh063.png */; };
		4AF6B01F1D66E08600AD1034 /* headrefresh064.png in Resources */ = {isa = PBXBuildFile; fileRef = 4AF6AFA71D66E08600AD1034 /* headrefresh064.png */; };
		4AF6B0201D66E08600AD1034 /* headrefresh065.png in Resources */ = {isa = PBXBuildFile; fileRef = 4AF6AFA81D66E08600AD1034 /* headrefresh065.png */; };
		4AF6B0211D66E08600AD1034 /* headrefresh066.png in Resources */ = {isa = PBXBuildFile; fileRef = 4AF6AFA91D66E08600AD1034 /* headrefresh066.png */; };
		4AF6B0221D66E08600AD1034 /* headrefresh067.png in Resources */ = {isa = PBXBuildFile; fileRef = 4AF6AFAA1D66E08600AD1034 /* headrefresh067.png */; };
		4AF6B0231D66E08600AD1034 /* headrefresh068.png in Resources */ = {isa = PBXBuildFile; fileRef = 4AF6AFAB1D66E08600AD1034 /* headrefresh068.png */; };
		4AF6B0241D66E08600AD1034 /* headrefresh069.png in Resources */ = {isa = PBXBuildFile; fileRef = 4AF6AFAC1D66E08600AD1034 /* headrefresh069.png */; };
		4AF6B0251D66E08600AD1034 /* headrefresh070.png in Resources */ = {isa = PBXBuildFile; fileRef = 4AF6AFAD1D66E08600AD1034 /* headrefresh070.png */; };
		4AF6B0261D66E08600AD1034 /* headrefresh071.png in Resources */ = {isa = PBXBuildFile; fileRef = 4AF6AFAE1D66E08600AD1034 /* headrefresh071.png */; };
		4AF6B0271D66E08600AD1034 /* headrefresh072.png in Resources */ = {isa = PBXBuildFile; fileRef = 4AF6AFAF1D66E08600AD1034 /* headrefresh072.png */; };
		4AF6B0281D66E08600AD1034 /* headrefresh073.png in Resources */ = {isa = PBXBuildFile; fileRef = 4AF6AFB01D66E08600AD1034 /* headrefresh073.png */; };
		4AF6B0291D66E08600AD1034 /* headrefresh074.png in Resources */ = {isa = PBXBuildFile; fileRef = 4AF6AFB11D66E08600AD1034 /* headrefresh074.png */; };
		4AF6B02A1D66E08600AD1034 /* headrefresh075.png in Resources */ = {isa = PBXBuildFile; fileRef = 4AF6AFB21D66E08600AD1034 /* headrefresh075.png */; };
		4AF6B02B1D66E08600AD1034 /* headrefresh076.png in Resources */ = {isa = PBXBuildFile; fileRef = 4AF6AFB31D66E08600AD1034 /* headrefresh076.png */; };
		4AF6B02C1D66E08600AD1034 /* headrefresh077.png in Resources */ = {isa = PBXBuildFile; fileRef = 4AF6AFB41D66E08600AD1034 /* headrefresh077.png */; };
		4AF6B02D1D66E08600AD1034 /* headrefresh078.png in Resources */ = {isa = PBXBuildFile; fileRef = 4AF6AFB51D66E08600AD1034 /* headrefresh078.png */; };
		4AF6B02E1D66E08600AD1034 /* headrefresh079.png in Resources */ = {isa = PBXBuildFile; fileRef = 4AF6AFB61D66E08600AD1034 /* headrefresh079.png */; };
		4AF6B02F1D66E08600AD1034 /* headrefresh080.png in Resources */ = {isa = PBXBuildFile; fileRef = 4AF6AFB71D66E08600AD1034 /* headrefresh080.png */; };
		4AF6B0301D66E08600AD1034 /* headrefresh081.png in Resources */ = {isa = PBXBuildFile; fileRef = 4AF6AFB81D66E08600AD1034 /* headrefresh081.png */; };
		4AF6B0311D66E08600AD1034 /* headrefresh082.png in Resources */ = {isa = PBXBuildFile; fileRef = 4AF6AFB91D66E08600AD1034 /* headrefresh082.png */; };
		4AF6B0321D66E08600AD1034 /* headrefresh083.png in Resources */ = {isa = PBXBuildFile; fileRef = 4AF6AFBA1D66E08600AD1034 /* headrefresh083.png */; };
		4AF6B0331D66E08600AD1034 /* headrefresh084.png in Resources */ = {isa = PBXBuildFile; fileRef = 4AF6AFBB1D66E08600AD1034 /* headrefresh084.png */; };
		4AF6B0341D66E08600AD1034 /* headrefresh085.png in Resources */ = {isa = PBXBuildFile; fileRef = 4AF6AFBC1D66E08600AD1034 /* headrefresh085.png */; };
		4AF6B0351D66E08600AD1034 /* headrefresh086.png in Resources */ = {isa = PBXBuildFile; fileRef = 4AF6AFBD1D66E08600AD1034 /* headrefresh086.png */; };
		4AF6B0361D66E08600AD1034 /* headrefresh087.png in Resources */ = {isa = PBXBuildFile; fileRef = 4AF6AFBE1D66E08600AD1034 /* headrefresh087.png */; };
		4AF6B0371D66E08600AD1034 /* headrefresh088.png in Resources */ = {isa = PBXBuildFile; fileRef = 4AF6AFBF1D66E08600AD1034 /* headrefresh088.png */; };
		4AF6B0381D66E08600AD1034 /* headrefresh089.png in Resources */ = {isa = PBXBuildFile; fileRef = 4AF6AFC01D66E08600AD1034 /* headrefresh089.png */; };
		4AF6B0391D66E08600AD1034 /* headrefresh090.png in Resources */ = {isa = PBXBuildFile; fileRef = 4AF6AFC11D66E08600AD1034 /* headrefresh090.png */; };
		4AF6B03A1D66E08600AD1034 /* headrefresh091.png in Resources */ = {isa = PBXBuildFile; fileRef = 4AF6AFC21D66E08600AD1034 /* headrefresh091.png */; };
		4AF6B03B1D66E08600AD1034 /* headrefresh092.png in Resources */ = {isa = PBXBuildFile; fileRef = 4AF6AFC31D66E08600AD1034 /* headrefresh092.png */; };
		4AF6B03C1D66E08600AD1034 /* headrefresh093.png in Resources */ = {isa = PBXBuildFile; fileRef = 4AF6AFC41D66E08600AD1034 /* headrefresh093.png */; };
		4AF6B03D1D66E08600AD1034 /* headrefresh094.png in Resources */ = {isa = PBXBuildFile; fileRef = 4AF6AFC51D66E08600AD1034 /* headrefresh094.png */; };
		4AF6B03E1D66E08600AD1034 /* headrefresh095.png in Resources */ = {isa = PBXBuildFile; fileRef = 4AF6AFC61D66E08600AD1034 /* headrefresh095.png */; };
		4AF6B03F1D66E08600AD1034 /* headrefresh096.png in Resources */ = {isa = PBXBuildFile; fileRef = 4AF6AFC71D66E08600AD1034 /* headrefresh096.png */; };
		4AF6B0401D66E08600AD1034 /* headrefresh097.png in Resources */ = {isa = PBXBuildFile; fileRef = 4AF6AFC81D66E08600AD1034 /* headrefresh097.png */; };
		4AF6B0411D66E08600AD1034 /* headrefresh098.png in Resources */ = {isa = PBXBuildFile; fileRef = 4AF6AFC91D66E08600AD1034 /* headrefresh098.png */; };
		4AF6B0421D66E08600AD1034 /* headrefresh099.png in Resources */ = {isa = PBXBuildFile; fileRef = 4AF6AFCA1D66E08600AD1034 /* headrefresh099.png */; };
		4AF6B0431D66E08600AD1034 /* headrefresh100.png in Resources */ = {isa = PBXBuildFile; fileRef = 4AF6AFCB1D66E08600AD1034 /* headrefresh100.png */; };
		4AF6B0441D66E08600AD1034 /* headrefresh101.png in Resources */ = {isa = PBXBuildFile; fileRef = 4AF6AFCC1D66E08600AD1034 /* headrefresh101.png */; };
		4AF6B0451D66E08600AD1034 /* headrefresh102.png in Resources */ = {isa = PBXBuildFile; fileRef = 4AF6AFCD1D66E08600AD1034 /* headrefresh102.png */; };
		4AF6B0461D66E08600AD1034 /* headrefresh103.png in Resources */ = {isa = PBXBuildFile; fileRef = 4AF6AFCE1D66E08600AD1034 /* headrefresh103.png */; };
		4AF6B0471D66E08600AD1034 /* headrefresh104.png in Resources */ = {isa = PBXBuildFile; fileRef = 4AF6AFCF1D66E08600AD1034 /* headrefresh104.png */; };
		4AF6B0481D66E08600AD1034 /* headrefresh105.png in Resources */ = {isa = PBXBuildFile; fileRef = 4AF6AFD01D66E08600AD1034 /* headrefresh105.png */; };
		4AF6B0491D66E08600AD1034 /* headrefresh106.png in Resources */ = {isa = PBXBuildFile; fileRef = 4AF6AFD11D66E08600AD1034 /* headrefresh106.png */; };
		4AF6B04A1D66E08600AD1034 /* headrefresh107.png in Resources */ = {isa = PBXBuildFile; fileRef = 4AF6AFD21D66E08600AD1034 /* headrefresh107.png */; };
		4AF6B04B1D66E08600AD1034 /* headrefresh108.png in Resources */ = {isa = PBXBuildFile; fileRef = 4AF6AFD31D66E08600AD1034 /* headrefresh108.png */; };
		4AF6B04C1D66E08600AD1034 /* headrefresh109.png in Resources */ = {isa = PBXBuildFile; fileRef = 4AF6AFD41D66E08600AD1034 /* headrefresh109.png */; };
		4AF6B04D1D66E08600AD1034 /* headrefresh110.png in Resources */ = {isa = PBXBuildFile; fileRef = 4AF6AFD51D66E08600AD1034 /* headrefresh110.png */; };
		4AF6B04E1D66E08600AD1034 /* headrefresh111.png in Resources */ = {isa = PBXBuildFile; fileRef = 4AF6AFD61D66E08600AD1034 /* headrefresh111.png */; };
		4AF6B04F1D66E08600AD1034 /* headrefresh112.png in Resources */ = {isa = PBXBuildFile; fileRef = 4AF6AFD71D66E08600AD1034 /* headrefresh112.png */; };
		4AF6B0501D66E08600AD1034 /* headrefresh113.png in Resources */ = {isa = PBXBuildFile; fileRef = 4AF6AFD81D66E08600AD1034 /* headrefresh113.png */; };
		4AF6B0511D66E08600AD1034 /* headrefresh114.png in Resources */ = {isa = PBXBuildFile; fileRef = 4AF6AFD91D66E08600AD1034 /* headrefresh114.png */; };
		4AF6B0521D66E08600AD1034 /* headrefresh115.png in Resources */ = {isa = PBXBuildFile; fileRef = 4AF6AFDA1D66E08600AD1034 /* headrefresh115.png */; };
		4AF6B0531D66E08600AD1034 /* headrefresh116.png in Resources */ = {isa = PBXBuildFile; fileRef = 4AF6AFDB1D66E08600AD1034 /* headrefresh116.png */; };
		4AF6B0541D66E08600AD1034 /* headrefresh117.png in Resources */ = {isa = PBXBuildFile; fileRef = 4AF6AFDC1D66E08600AD1034 /* headrefresh117.png */; };
		4AF6B0551D66E08600AD1034 /* headrefresh118.png in Resources */ = {isa = PBXBuildFile; fileRef = 4AF6AFDD1D66E08600AD1034 /* headrefresh118.png */; };
		4AF6B0561D66E08600AD1034 /* headrefresh119.png in Resources */ = {isa = PBXBuildFile; fileRef = 4AF6AFDE1D66E08600AD1034 /* headrefresh119.png */; };
/* End PBXBuildFile section */

/* Begin PBXFileReference section */
		4AAE3C681D546758005C5AED /* NYRefresh.app */ = {isa = PBXFileReference; explicitFileType = wrapper.application; includeInIndex = 0; path = NYRefresh.app; sourceTree = BUILT_PRODUCTS_DIR; };
		4AAE3C6C1D546758005C5AED /* main.m */ = {isa = PBXFileReference; lastKnownFileType = sourcecode.c.objc; path = main.m; sourceTree = "<group>"; };
		4AAE3C6E1D546758005C5AED /* AppDelegate.h */ = {isa = PBXFileReference; lastKnownFileType = sourcecode.c.h; path = AppDelegate.h; sourceTree = "<group>"; };
		4AAE3C6F1D546758005C5AED /* AppDelegate.m */ = {isa = PBXFileReference; lastKnownFileType = sourcecode.c.objc; path = AppDelegate.m; sourceTree = "<group>"; };
		4AAE3C711D546758005C5AED /* ViewController.h */ = {isa = PBXFileReference; lastKnownFileType = sourcecode.c.h; path = ViewController.h; sourceTree = "<group>"; };
		4AAE3C721D546758005C5AED /* ViewController.m */ = {isa = PBXFileReference; lastKnownFileType = sourcecode.c.objc; path = ViewController.m; sourceTree = "<group>"; };
		4AAE3C751D546758005C5AED /* Base */ = {isa = PBXFileReference; lastKnownFileType = file.storyboard; name = Base; path = Base.lproj/Main.storyboard; sourceTree = "<group>"; };
		4AAE3C771D546758005C5AED /* Assets.xcassets */ = {isa = PBXFileReference; lastKnownFileType = folder.assetcatalog; path = Assets.xcassets; sourceTree = "<group>"; };
		4AAE3C7A1D546758005C5AED /* Base */ = {isa = PBXFileReference; lastKnownFileType = file.storyboard; name = Base; path = Base.lproj/LaunchScreen.storyboard; sourceTree = "<group>"; };
		4AAE3C7C1D546758005C5AED /* Info.plist */ = {isa = PBXFileReference; lastKnownFileType = text.plist.xml; path = Info.plist; sourceTree = "<group>"; };
		4AAE3C821D5467E8005C5AED /* TestVC.h */ = {isa = PBXFileReference; fileEncoding = 4; lastKnownFileType = sourcecode.c.h; path = TestVC.h; sourceTree = "<group>"; };
		4AAE3C831D5467E8005C5AED /* TestVC.m */ = {isa = PBXFileReference; fileEncoding = 4; lastKnownFileType = sourcecode.c.objc; path = TestVC.m; sourceTree = "<group>"; };
		4AAE3C891D546C21005C5AED /* UIScrollView+NYRefresh.h */ = {isa = PBXFileReference; fileEncoding = 4; lastKnownFileType = sourcecode.c.h; path = "UIScrollView+NYRefresh.h"; sourceTree = "<group>"; };
		4AAE3C8A1D546C21005C5AED /* UIScrollView+NYRefresh.m */ = {isa = PBXFileReference; fileEncoding = 4; lastKnownFileType = sourcecode.c.objc; path = "UIScrollView+NYRefresh.m"; sourceTree = "<group>"; };
		4AAE3C8C1D546DCE005C5AED /* NYRefreshHeader.h */ = {isa = PBXFileReference; fileEncoding = 4; lastKnownFileType = sourcecode.c.h; path = NYRefreshHeader.h; sourceTree = "<group>"; };
		4AAE3C8D1D546DCE005C5AED /* NYRefreshHeader.m */ = {isa = PBXFileReference; fileEncoding = 4; lastKnownFileType = sourcecode.c.objc; path = NYRefreshHeader.m; sourceTree = "<group>"; };
		4AAE3C8F1D5479DA005C5AED /* UIView+NYRefresh.h */ = {isa = PBXFileReference; fileEncoding = 4; lastKnownFileType = sourcecode.c.h; path = "UIView+NYRefresh.h"; sourceTree = "<group>"; };
		4AAE3C901D5479DA005C5AED /* UIView+NYRefresh.m */ = {isa = PBXFileReference; fileEncoding = 4; lastKnownFileType = sourcecode.c.objc; path = "UIView+NYRefresh.m"; sourceTree = "<group>"; };
		4AF6AF661D66E08600AD1034 /* headpull00.png */ = {isa = PBXFileReference; lastKnownFileType = image.png; path = headpull00.png; sourceTree = "<group>"; };
		4AF6AF671D66E08600AD1034 /* headpull01.png */ = {isa = PBXFileReference; lastKnownFileType = image.png; path = headpull01.png; sourceTree = "<group>"; };
		4AF6AF681D66E08600AD1034 /* headpull02.png */ = {isa = PBXFileReference; lastKnownFileType = image.png; path = headpull02.png; sourceTree = "<group>"; };
		4AF6AF691D66E08600AD1034 /* headpull03.png */ = {isa = PBXFileReference; lastKnownFileType = image.png; path = headpull03.png; sourceTree = "<group>"; };
		4AF6AF6A1D66E08600AD1034 /* headpull04.png */ = {isa = PBXFileReference; lastKnownFileType = image.png; path = headpull04.png; sourceTree = "<group>"; };
		4AF6AF6B1D66E08600AD1034 /* headpull05.png */ = {isa = PBXFileReference; lastKnownFileType = image.png; path = headpull05.png; sourceTree = "<group>"; };
		4AF6AF6C1D66E08600AD1034 /* headpull06.png */ = {isa = PBXFileReference; lastKnownFileType = image.png; path = headpull06.png; sourceTree = "<group>"; };
		4AF6AF6D1D66E08600AD1034 /* headpull07.png */ = {isa = PBXFileReference; lastKnownFileType = image.png; path = headpull07.png; sourceTree = "<group>"; };
		4AF6AF6E1D66E08600AD1034 /* headpull08.png */ = {isa = PBXFileReference; lastKnownFileType = image.png; path = headpull08.png; sourceTree = "<group>"; };
		4AF6AF6F1D66E08600AD1034 /* headpull09.png */ = {isa = PBXFileReference; lastKnownFileType = image.png; path = headpull09.png; sourceTree = "<group>"; };
		4AF6AF701D66E08600AD1034 /* headpull10.png */ = {isa = PBXFileReference; lastKnownFileType = image.png; path = headpull10.png; sourceTree = "<group>"; };
		4AF6AF711D66E08600AD1034 /* headpull11.png */ = {isa = PBXFileReference; lastKnownFileType = image.png; path = headpull11.png; sourceTree = "<group>"; };
		4AF6AF721D66E08600AD1034 /* headpull12.png */ = {isa = PBXFileReference; lastKnownFileType = image.png; path = headpull12.png; sourceTree = "<group>"; };
		4AF6AF731D66E08600AD1034 /* headpull13.png */ = {isa = PBXFileReference; lastKnownFileType = image.png; path = headpull13.png; sourceTree = "<group>"; };
		4AF6AF741D66E08600AD1034 /* headpull14.png */ = {isa = PBXFileReference; lastKnownFileType = image.png; path = headpull14.png; sourceTree = "<group>"; };
		4AF6AF751D66E08600AD1034 /* headpull15.png */ = {isa = PBXFileReference; lastKnownFileType = image.png; path = headpull15.png; sourceTree = "<group>"; };
		4AF6AF761D66E08600AD1034 /* headpull16.png */ = {isa = PBXFileReference; lastKnownFileType = image.png; path = headpull16.png; sourceTree = "<group>"; };
		4AF6AF771D66E08600AD1034 /* headpull17.png */ = {isa = PBXFileReference; lastKnownFileType = image.png; path = headpull17.png; sourceTree = "<group>"; };
		4AF6AF781D66E08600AD1034 /* headpull18.png */ = {isa = PBXFileReference; lastKnownFileType = image.png; path = headpull18.png; sourceTree = "<group>"; };
		4AF6AF791D66E08600AD1034 /* headpull19.png */ = {isa = PBXFileReference; lastKnownFileType = image.png; path = headpull19.png; sourceTree = "<group>"; };
		4AF6AF7A1D66E08600AD1034 /* headpull20.png */ = {isa = PBXFileReference; lastKnownFileType = image.png; path = headpull20.png; sourceTree = "<group>"; };
		4AF6AF7B1D66E08600AD1034 /* headpull21.png */ = {isa = PBXFileReference; lastKnownFileType = image.png; path = headpull21.png; sourceTree = "<group>"; };
		4AF6AF7C1D66E08600AD1034 /* headpull22.png */ = {isa = PBXFileReference; lastKnownFileType = image.png; path = headpull22.png; sourceTree = "<group>"; };
		4AF6AF7D1D66E08600AD1034 /* headpull23.png */ = {isa = PBXFileReference; lastKnownFileType = image.png; path = headpull23.png; sourceTree = "<group>"; };
		4AF6AF7E1D66E08600AD1034 /* headpull24.png */ = {isa = PBXFileReference; lastKnownFileType = image.png; path = headpull24.png; sourceTree = "<group>"; };
		4AF6AF7F1D66E08600AD1034 /* headpull25.png */ = {isa = PBXFileReference; lastKnownFileType = image.png; path = headpull25.png; sourceTree = "<group>"; };
		4AF6AF801D66E08600AD1034 /* headpull26.png */ = {isa = PBXFileReference; lastKnownFileType = image.png; path = headpull26.png; sourceTree = "<group>"; };
		4AF6AF811D66E08600AD1034 /* headpull27.png */ = {isa = PBXFileReference; lastKnownFileType = image.png; path = headpull27.png; sourceTree = "<group>"; };
		4AF6AF821D66E08600AD1034 /* headpull28.png */ = {isa = PBXFileReference; lastKnownFileType = image.png; path = headpull28.png; sourceTree = "<group>"; };
		4AF6AF831D66E08600AD1034 /* headpull29.png */ = {isa = PBXFileReference; lastKnownFileType = image.png; path = headpull29.png; sourceTree = "<group>"; };
		4AF6AF841D66E08600AD1034 /* headpull30.png */ = {isa = PBXFileReference; lastKnownFileType = image.png; path = headpull30.png; sourceTree = "<group>"; };
		4AF6AF851D66E08600AD1034 /* headpull31.png */ = {isa = PBXFileReference; lastKnownFileType = image.png; path = headpull31.png; sourceTree = "<group>"; };
		4AF6AF861D66E08600AD1034 /* headpull32.png */ = {isa = PBXFileReference; lastKnownFileType = image.png; path = headpull32.png; sourceTree = "<group>"; };
		4AF6AF871D66E08600AD1034 /* headpull33.png */ = {isa = PBXFileReference; lastKnownFileType = image.png; path = headpull33.png; sourceTree = "<group>"; };
		4AF6AF881D66E08600AD1034 /* headpull34.png */ = {isa = PBXFileReference; lastKnownFileType = image.png; path = headpull34.png; sourceTree = "<group>"; };
		4AF6AF891D66E08600AD1034 /* headpull35.png */ = {isa = PBXFileReference; lastKnownFileType = image.png; path = headpull35.png; sourceTree = "<group>"; };
		4AF6AF8A1D66E08600AD1034 /* headpull36.png */ = {isa = PBXFileReference; lastKnownFileType = image.png; path = headpull36.png; sourceTree = "<group>"; };
		4AF6AF8B1D66E08600AD1034 /* headpull37.png */ = {isa = PBXFileReference; lastKnownFileType = image.png; path = headpull37.png; sourceTree = "<group>"; };
		4AF6AF8C1D66E08600AD1034 /* headpull38.png */ = {isa = PBXFileReference; lastKnownFileType = image.png; path = headpull38.png; sourceTree = "<group>"; };
		4AF6AF8D1D66E08600AD1034 /* headpull39.png */ = {isa = PBXFileReference; lastKnownFileType = image.png; path = headpull39.png; sourceTree = "<group>"; };
		4AF6AF8E1D66E08600AD1034 /* headpull40.png */ = {isa = PBXFileReference; lastKnownFileType = image.png; path = headpull40.png; sourceTree = "<group>"; };
		4AF6AF8F1D66E08600AD1034 /* headpull41.png */ = {isa = PBXFileReference; lastKnownFileType = image.png; path = headpull41.png; sourceTree = "<group>"; };
		4AF6AF901D66E08600AD1034 /* headpull42.png */ = {isa = PBXFileReference; lastKnownFileType = image.png; path = headpull42.png; sourceTree = "<group>"; };
		4AF6AF911D66E08600AD1034 /* headpull43.png */ = {isa = PBXFileReference; lastKnownFileType = image.png; path = headpull43.png; sourceTree = "<group>"; };
		4AF6AF921D66E08600AD1034 /* headpull44.png */ = {isa = PBXFileReference; lastKnownFileType = image.png; path = headpull44.png; sourceTree = "<group>"; };
		4AF6AF931D66E08600AD1034 /* headpull45.png */ = {isa = PBXFileReference; lastKnownFileType = image.png; path = headpull45.png; sourceTree = "<group>"; };
		4AF6AF941D66E08600AD1034 /* headpull46.png */ = {isa = PBXFileReference; lastKnownFileType = image.png; path = headpull46.png; sourceTree = "<group>"; };
		4AF6AF951D66E08600AD1034 /* headpull47.png */ = {isa = PBXFileReference; lastKnownFileType = image.png; path = headpull47.png; sourceTree = "<group>"; };
		4AF6AF961D66E08600AD1034 /* headpull48.png */ = {isa = PBXFileReference; lastKnownFileType = image.png; path = headpull48.png; sourceTree = "<group>"; };
		4AF6AF971D66E08600AD1034 /* headpull49.png */ = {isa = PBXFileReference; lastKnownFileType = image.png; path = headpull49.png; sourceTree = "<group>"; };
		4AF6AF991D66E08600AD1034 /* headrefresh050.png */ = {isa = PBXFileReference; lastKnownFileType = image.png; path = headrefresh050.png; sourceTree = "<group>"; };
		4AF6AF9A1D66E08600AD1034 /* headrefresh051.png */ = {isa = PBXFileReference; lastKnownFileType = image.png; path = headrefresh051.png; sourceTree = "<group>"; };
		4AF6AF9B1D66E08600AD1034 /* headrefresh052.png */ = {isa = PBXFileReference; lastKnownFileType = image.png; path = headrefresh052.png; sourceTree = "<group>"; };
		4AF6AF9C1D66E08600AD1034 /* headrefresh053.png */ = {isa = PBXFileReference; lastKnownFileType = image.png; path = headrefresh053.png; sourceTree = "<group>"; };
		4AF6AF9D1D66E08600AD1034 /* headrefresh054.png */ = {isa = PBXFileReference; lastKnownFileType = image.png; path = headrefresh054.png; sourceTree = "<group>"; };
		4AF6AF9E1D66E08600AD1034 /* headrefresh055.png */ = {isa = PBXFileReference; lastKnownFileType = image.png; path = headrefresh055.png; sourceTree = "<group>"; };
		4AF6AF9F1D66E08600AD1034 /* headrefresh056.png */ = {isa = PBXFileReference; lastKnownFileType = image.png; path = headrefresh056.png; sourceTree = "<group>"; };
		4AF6AFA01D66E08600AD1034 /* headrefresh057.png */ = {isa = PBXFileReference; lastKnownFileType = image.png; path = headrefresh057.png; sourceTree = "<group>"; };
		4AF6AFA11D66E08600AD1034 /* headrefresh058.png */ = {isa = PBXFileReference; lastKnownFileType = image.png; path = headrefresh058.png; sourceTree = "<group>"; };
		4AF6AFA21D66E08600AD1034 /* headrefresh059.png */ = {isa = PBXFileReference; lastKnownFileType = image.png; path = headrefresh059.png; sourceTree = "<group>"; };
		4AF6AFA31D66E08600AD1034 /* headrefresh060.png */ = {isa = PBXFileReference; lastKnownFileType = image.png; path = headrefresh060.png; sourceTree = "<group>"; };
		4AF6AFA41D66E08600AD1034 /* headrefresh061.png */ = {isa = PBXFileReference; lastKnownFileType = image.png; path = headrefresh061.png; sourceTree = "<group>"; };
		4AF6AFA51D66E08600AD1034 /* headrefresh062.png */ = {isa = PBXFileReference; lastKnownFileType = image.png; path = headrefresh062.png; sourceTree = "<group>"; };
		4AF6AFA61D66E08600AD1034 /* headrefresh063.png */ = {isa = PBXFileReference; lastKnownFileType = image.png; path = headrefresh063.png; sourceTree = "<group>"; };
		4AF6AFA71D66E08600AD1034 /* headrefresh064.png */ = {isa = PBXFileReference; lastKnownFileType = image.png; path = headrefresh064.png; sourceTree = "<group>"; };
		4AF6AFA81D66E08600AD1034 /* headrefresh065.png */ = {isa = PBXFileReference; lastKnownFileType = image.png; path = headrefresh065.png; sourceTree = "<group>"; };
		4AF6AFA91D66E08600AD1034 /* headrefresh066.png */ = {isa = PBXFileReference; lastKnownFileType = image.png; path = headrefresh066.png; sourceTree = "<group>"; };
		4AF6AFAA1D66E08600AD1034 /* headrefresh067.png */ = {isa = PBXFileReference; lastKnownFileType = image.png; path = headrefresh067.png; sourceTree = "<group>"; };
		4AF6AFAB1D66E08600AD1034 /* headrefresh068.png */ = {isa = PBXFileReference; lastKnownFileType = image.png; path = headrefresh068.png; sourceTree = "<group>"; };
		4AF6AFAC1D66E08600AD1034 /* headrefresh069.png */ = {isa = PBXFileReference; lastKnownFileType = image.png; path = headrefresh069.png; sourceTree = "<group>"; };
		4AF6AFAD1D66E08600AD1034 /* headrefresh070.png */ = {isa = PBXFileReference; lastKnownFileType = image.png; path = headrefresh070.png; sourceTree = "<group>"; };
		4AF6AFAE1D66E08600AD1034 /* headrefresh071.png */ = {isa = PBXFileReference; lastKnownFileType = image.png; path = headrefresh071.png; sourceTree = "<group>"; };
		4AF6AFAF1D66E08600AD1034 /* headrefresh072.png */ = {isa = PBXFileReference; lastKnownFileType = image.png; path = headrefresh072.png; sourceTree = "<group>"; };
		4AF6AFB01D66E08600AD1034 /* headrefresh073.png */ = {isa = PBXFileReference; lastKnownFileType = image.png; path = headrefresh073.png; sourceTree = "<group>"; };
		4AF6AFB11D66E08600AD1034 /* headrefresh074.png */ = {isa = PBXFileReference; lastKnownFileType = image.png; path = headrefresh074.png; sourceTree = "<group>"; };
		4AF6AFB21D66E08600AD1034 /* headrefresh075.png */ = {isa = PBXFileReference; lastKnownFileType = image.png; path = headrefresh075.png; sourceTree = "<group>"; };
		4AF6AFB31D66E08600AD1034 /* headrefresh076.png */ = {isa = PBXFileReference; lastKnownFileType = image.png; path = headrefresh076.png; sourceTree = "<group>"; };
		4AF6AFB41D66E08600AD1034 /* headrefresh077.png */ = {isa = PBXFileReference; lastKnownFileType = image.png; path = headrefresh077.png; sourceTree = "<group>"; };
		4AF6AFB51D66E08600AD1034 /* headrefresh078.png */ = {isa = PBXFileReference; lastKnownFileType = image.png; path = headrefresh078.png; sourceTree = "<group>"; };
		4AF6AFB61D66E08600AD1034 /* headrefresh079.png */ = {isa = PBXFileReference; lastKnownFileType = image.png; path = headrefresh079.png; sourceTree = "<group>"; };
		4AF6AFB71D66E08600AD1034 /* headrefresh080.png */ = {isa = PBXFileReference; lastKnownFileType = image.png; path = headrefresh080.png; sourceTree = "<group>"; };
		4AF6AFB81D66E08600AD1034 /* headrefresh081.png */ = {isa = PBXFileReference; lastKnownFileType = image.png; path = headrefresh081.png; sourceTree = "<group>"; };
		4AF6AFB91D66E08600AD1034 /* headrefresh082.png */ = {isa = PBXFileReference; lastKnownFileType = image.png; path = headrefresh082.png; sourceTree = "<group>"; };
		4AF6AFBA1D66E08600AD1034 /* headrefresh083.png */ = {isa = PBXFileReference; lastKnownFileType = image.png; path = headrefresh083.png; sourceTree = "<group>"; };
		4AF6AFBB1D66E08600AD1034 /* headrefresh084.png */ = {isa = PBXFileReference; lastKnownFileType = image.png; path = headrefresh084.png; sourceTree = "<group>"; };
		4AF6AFBC1D66E08600AD1034 /* headrefresh085.png */ = {isa = PBXFileReference; lastKnownFileType = image.png; path = headrefresh085.png; sourceTree = "<group>"; };
		4AF6AFBD1D66E08600AD1034 /* headrefresh086.png */ = {isa = PBXFileReference; lastKnownFileType = image.png; path = headrefresh086.png; sourceTree = "<group>"; };
		4AF6AFBE1D66E08600AD1034 /* headrefresh087.png */ = {isa = PBXFileReference; lastKnownFileType = image.png; path = headrefresh087.png; sourceTree = "<group>"; };
		4AF6AFBF1D66E08600AD1034 /* headrefresh088.png */ = {isa = PBXFileReference; lastKnownFileType = image.png; path = headrefresh088.png; sourceTree = "<group>"; };
		4AF6AFC01D66E08600AD1034 /* headrefresh089.png */ = {isa = PBXFileReference; lastKnownFileType = image.png; path = headrefresh089.png; sourceTree = "<group>"; };
		4AF6AFC11D66E08600AD1034 /* headrefresh090.png */ = {isa = PBXFileReference; lastKnownFileType = image.png; path = headrefresh090.png; sourceTree = "<group>"; };
		4AF6AFC21D66E08600AD1034 /* headrefresh091.png */ = {isa = PBXFileReference; lastKnownFileType = image.png; path = headrefresh091.png; sourceTree = "<group>"; };
		4AF6AFC31D66E08600AD1034 /* headrefresh092.png */ = {isa = PBXFileReference; lastKnownFileType = image.png; path = headrefresh092.png; sourceTree = "<group>"; };
		4AF6AFC41D66E08600AD1034 /* headrefresh093.png */ = {isa = PBXFileReference; lastKnownFileType = image.png; path = headrefresh093.png; sourceTree = "<group>"; };
		4AF6AFC51D66E08600AD1034 /* headrefresh094.png */ = {isa = PBXFileReference; lastKnownFileType = image.png; path = headrefresh094.png; sourceTree = "<group>"; };
		4AF6AFC61D66E08600AD1034 /* headrefresh095.png */ = {isa = PBXFileReference; lastKnownFileType = image.png; path = headrefresh095.png; sourceTree = "<group>"; };
		4AF6AFC71D66E08600AD1034 /* headrefresh096.png */ = {isa = PBXFileReference; lastKnownFileType = image.png; path = headrefresh096.png; sourceTree = "<group>"; };
		4AF6AFC81D66E08600AD1034 /* headrefresh097.png */ = {isa = PBXFileReference; lastKnownFileType = image.png; path = headrefresh097.png; sourceTree = "<group>"; };
		4AF6AFC91D66E08600AD1034 /* headrefresh098.png */ = {isa = PBXFileReference; lastKnownFileType = image.png; path = headrefresh098.png; sourceTree = "<group>"; };
		4AF6AFCA1D66E08600AD1034 /* headrefresh099.png */ = {isa = PBXFileReference; lastKnownFileType = image.png; path = headrefresh099.png; sourceTree = "<group>"; };
		4AF6AFCB1D66E08600AD1034 /* headrefresh100.png */ = {isa = PBXFileReference; lastKnownFileType = image.png; path = headrefresh100.png; sourceTree = "<group>"; };
		4AF6AFCC1D66E08600AD1034 /* headrefresh101.png */ = {isa = PBXFileReference; lastKnownFileType = image.png; path = headrefresh101.png; sourceTree = "<group>"; };
		4AF6AFCD1D66E08600AD1034 /* headrefresh102.png */ = {isa = PBXFileReference; lastKnownFileType = image.png; path = headrefresh102.png; sourceTree = "<group>"; };
		4AF6AFCE1D66E08600AD1034 /* headrefresh103.png */ = {isa = PBXFileReference; lastKnownFileType = image.png; path = headrefresh103.png; sourceTree = "<group>"; };
		4AF6AFCF1D66E08600AD1034 /* headrefresh104.png */ = {isa = PBXFileReference; lastKnownFileType = image.png; path = headrefresh104.png; sourceTree = "<group>"; };
		4AF6AFD01D66E08600AD1034 /* headrefresh105.png */ = {isa = PBXFileReference; lastKnownFileType = image.png; path = headrefresh105.png; sourceTree = "<group>"; };
		4AF6AFD11D66E08600AD1034 /* headrefresh106.png */ = {isa = PBXFileReference; lastKnownFileType = image.png; path = headrefresh106.png; sourceTree = "<group>"; };
		4AF6AFD21D66E08600AD1034 /* headrefresh107.png */ = {isa = PBXFileReference; lastKnownFileType = image.png; path = headrefresh107.png; sourceTree = "<group>"; };
		4AF6AFD31D66E08600AD1034 /* headrefresh108.png */ = {isa = PBXFileReference; lastKnownFileType = image.png; path = headrefresh108.png; sourceTree = "<group>"; };
		4AF6AFD41D66E08600AD1034 /* headrefresh109.png */ = {isa = PBXFileReference; lastKnownFileType = image.png; path = headrefresh109.png; sourceTree = "<group>"; };
		4AF6AFD51D66E08600AD1034 /* headrefresh110.png */ = {isa = PBXFileReference; lastKnownFileType = image.png; path = headrefresh110.png; sourceTree = "<group>"; };
		4AF6AFD61D66E08600AD1034 /* headrefresh111.png */ = {isa = PBXFileReference; lastKnownFileType = image.png; path = headrefresh111.png; sourceTree = "<group>"; };
		4AF6AFD71D66E08600AD1034 /* headrefresh112.png */ = {isa = PBXFileReference; lastKnownFileType = image.png; path = headrefresh112.png; sourceTree = "<group>"; };
		4AF6AFD81D66E08600AD1034 /* headrefresh113.png */ = {isa = PBXFileReference; lastKnownFileType = image.png; path = headrefresh113.png; sourceTree = "<group>"; };
		4AF6AFD91D66E08600AD1034 /* headrefresh114.png */ = {isa = PBXFileReference; lastKnownFileType = image.png; path = headrefresh114.png; sourceTree = "<group>"; };
		4AF6AFDA1D66E08600AD1034 /* headrefresh115.png */ = {isa = PBXFileReference; lastKnownFileType = image.png; path = headrefresh115.png; sourceTree = "<group>"; };
		4AF6AFDB1D66E08600AD1034 /* headrefresh116.png */ = {isa = PBXFileReference; lastKnownFileType = image.png; path = headrefresh116.png; sourceTree = "<group>"; };
		4AF6AFDC1D66E08600AD1034 /* headrefresh117.png */ = {isa = PBXFileReference; lastKnownFileType = image.png; path = headrefresh117.png; sourceTree = "<group>"; };
		4AF6AFDD1D66E08600AD1034 /* headrefresh118.png */ = {isa = PBXFileReference; lastKnownFileType = image.png; path = headrefresh118.png; sourceTree = "<group>"; };
		4AF6AFDE1D66E08600AD1034 /* headrefresh119.png */ = {isa = PBXFileReference; lastKnownFileType = image.png; path = headrefresh119.png; sourceTree = "<group>"; };
/* End PBXFileReference section */

/* Begin PBXFrameworksBuildPhase section */
		4AAE3C651D546758005C5AED /* Frameworks */ = {
			isa = PBXFrameworksBuildPhase;
			buildActionMask = 2147483647;
			files = (
			);
			runOnlyForDeploymentPostprocessing = 0;
		};
/* End PBXFrameworksBuildPhase section */

/* Begin PBXGroup section */
		4A3DAF4D1D5859F400D64290 /* Images */ = {
			isa = PBXGroup;
			children = (
				4AF6AF651D66E08500AD1034 /* HeadPull */,
				4AF6AF981D66E08600AD1034 /* HeadRefresh */,
			);
			path = Images;
			sourceTree = "<group>";
		};
		4AAE3C5F1D546758005C5AED = {
			isa = PBXGroup;
			children = (
				4AAE3C6A1D546758005C5AED /* NYRefresh */,
				4AAE3C691D546758005C5AED /* Products */,
			);
			sourceTree = "<group>";
		};
		4AAE3C691D546758005C5AED /* Products */ = {
			isa = PBXGroup;
			children = (
				4AAE3C681D546758005C5AED /* NYRefresh.app */,
			);
			name = Products;
			sourceTree = "<group>";
		};
		4AAE3C6A1D546758005C5AED /* NYRefresh */ = {
			isa = PBXGroup;
			children = (
				4AAE3C6E1D546758005C5AED /* AppDelegate.h */,
				4AAE3C6F1D546758005C5AED /* AppDelegate.m */,
				4AAE3C851D546AA7005C5AED /* NYRefreshHeader */,
				4AAE3C821D5467E8005C5AED /* TestVC.h */,
				4AAE3C831D5467E8005C5AED /* TestVC.m */,
				4A3DAF4D1D5859F400D64290 /* Images */,
				4AAE3C6B1D546758005C5AED /* Supporting Files */,
			);
			path = NYRefresh;
			sourceTree = "<group>";
		};
		4AAE3C6B1D546758005C5AED /* Supporting Files */ = {
			isa = PBXGroup;
			children = (
				4AAE3C711D546758005C5AED /* ViewController.h */,
				4AAE3C721D546758005C5AED /* ViewController.m */,
				4AAE3C741D546758005C5AED /* Main.storyboard */,
				4AAE3C771D546758005C5AED /* Assets.xcassets */,
				4AAE3C791D546758005C5AED /* LaunchScreen.storyboard */,
				4AAE3C7C1D546758005C5AED /* Info.plist */,
				4AAE3C6C1D546758005C5AED /* main.m */,
			);
			name = "Supporting Files";
			sourceTree = "<group>";
		};
		4AAE3C851D546AA7005C5AED /* NYRefreshHeader */ = {
			isa = PBXGroup;
			children = (
				4AAE3C8C1D546DCE005C5AED /* NYRefreshHeader.h */,
				4AAE3C8D1D546DCE005C5AED /* NYRefreshHeader.m */,
				4AAE3C891D546C21005C5AED /* UIScrollView+NYRefresh.h */,
				4AAE3C8A1D546C21005C5AED /* UIScrollView+NYRefresh.m */,
				4AAE3C8F1D5479DA005C5AED /* UIView+NYRefresh.h */,
				4AAE3C901D5479DA005C5AED /* UIView+NYRefresh.m */,
			);
			path = NYRefreshHeader;
			sourceTree = "<group>";
		};
		4AF6AF651D66E08500AD1034 /* HeadPull */ = {
			isa = PBXGroup;
			children = (
				4AF6AF661D66E08600AD1034 /* headpull00.png */,
				4AF6AF671D66E08600AD1034 /* headpull01.png */,
				4AF6AF681D66E08600AD1034 /* headpull02.png */,
				4AF6AF691D66E08600AD1034 /* headpull03.png */,
				4AF6AF6A1D66E08600AD1034 /* headpull04.png */,
				4AF6AF6B1D66E08600AD1034 /* headpull05.png */,
				4AF6AF6C1D66E08600AD1034 /* headpull06.png */,
				4AF6AF6D1D66E08600AD1034 /* headpull07.png */,
				4AF6AF6E1D66E08600AD1034 /* headpull08.png */,
				4AF6AF6F1D66E08600AD1034 /* headpull09.png */,
				4AF6AF701D66E08600AD1034 /* headpull10.png */,
				4AF6AF711D66E08600AD1034 /* headpull11.png */,
				4AF6AF721D66E08600AD1034 /* headpull12.png */,
				4AF6AF731D66E08600AD1034 /* headpull13.png */,
				4AF6AF741D66E08600AD1034 /* headpull14.png */,
				4AF6AF751D66E08600AD1034 /* headpull15.png */,
				4AF6AF761D66E08600AD1034 /* headpull16.png */,
				4AF6AF771D66E08600AD1034 /* headpull17.png */,
				4AF6AF781D66E08600AD1034 /* headpull18.png */,
				4AF6AF791D66E08600AD1034 /* headpull19.png */,
				4AF6AF7A1D66E08600AD1034 /* headpull20.png */,
				4AF6AF7B1D66E08600AD1034 /* headpull21.png */,
				4AF6AF7C1D66E08600AD1034 /* headpull22.png */,
				4AF6AF7D1D66E08600AD1034 /* headpull23.png */,
				4AF6AF7E1D66E08600AD1034 /* headpull24.png */,
				4AF6AF7F1D66E08600AD1034 /* headpull25.png */,
				4AF6AF801D66E08600AD1034 /* headpull26.png */,
				4AF6AF811D66E08600AD1034 /* headpull27.png */,
				4AF6AF821D66E08600AD1034 /* headpull28.png */,
				4AF6AF831D66E08600AD1034 /* headpull29.png */,
				4AF6AF841D66E08600AD1034 /* headpull30.png */,
				4AF6AF851D66E08600AD1034 /* headpull31.png */,
				4AF6AF861D66E08600AD1034 /* headpull32.png */,
				4AF6AF871D66E08600AD1034 /* headpull33.png */,
				4AF6AF881D66E08600AD1034 /* headpull34.png */,
				4AF6AF891D66E08600AD1034 /* headpull35.png */,
				4AF6AF8A1D66E08600AD1034 /* headpull36.png */,
				4AF6AF8B1D66E08600AD1034 /* headpull37.png */,
				4AF6AF8C1D66E08600AD1034 /* headpull38.png */,
				4AF6AF8D1D66E08600AD1034 /* headpull39.png */,
				4AF6AF8E1D66E08600AD1034 /* headpull40.png */,
				4AF6AF8F1D66E08600AD1034 /* headpull41.png */,
				4AF6AF901D66E08600AD1034 /* headpull42.png */,
				4AF6AF911D66E08600AD1034 /* headpull43.png */,
				4AF6AF921D66E08600AD1034 /* headpull44.png */,
				4AF6AF931D66E08600AD1034 /* headpull45.png */,
				4AF6AF941D66E08600AD1034 /* headpull46.png */,
				4AF6AF951D66E08600AD1034 /* headpull47.png */,
				4AF6AF961D66E08600AD1034 /* headpull48.png */,
				4AF6AF971D66E08600AD1034 /* headpull49.png */,
			);
			path = HeadPull;
			sourceTree = "<group>";
		};
		4AF6AF981D66E08600AD1034 /* HeadRefresh */ = {
			isa = PBXGroup;
			children = (
				4AF6AF991D66E08600AD1034 /* headrefresh050.png */,
				4AF6AF9A1D66E08600AD1034 /* headrefresh051.png */,
				4AF6AF9B1D66E08600AD1034 /* headrefresh052.png */,
				4AF6AF9C1D66E08600AD1034 /* headrefresh053.png */,
				4AF6AF9D1D66E08600AD1034 /* headrefresh054.png */,
				4AF6AF9E1D66E08600AD1034 /* headrefresh055.png */,
				4AF6AF9F1D66E08600AD1034 /* headrefresh056.png */,
				4AF6AFA01D66E08600AD1034 /* headrefresh057.png */,
				4AF6AFA11D66E08600AD1034 /* headrefresh058.png */,
				4AF6AFA21D66E08600AD1034 /* headrefresh059.png */,
				4AF6AFA31D66E08600AD1034 /* headrefresh060.png */,
				4AF6AFA41D66E08600AD1034 /* headrefresh061.png */,
				4AF6AFA51D66E08600AD1034 /* headrefresh062.png */,
				4AF6AFA61D66E08600AD1034 /* headrefresh063.png */,
				4AF6AFA71D66E08600AD1034 /* headrefresh064.png */,
				4AF6AFA81D66E08600AD1034 /* headrefresh065.png */,
				4AF6AFA91D66E08600AD1034 /* headrefresh066.png */,
				4AF6AFAA1D66E08600AD1034 /* headrefresh067.png */,
				4AF6AFAB1D66E08600AD1034 /* headrefresh068.png */,
				4AF6AFAC1D66E08600AD1034 /* headrefresh069.png */,
				4AF6AFAD1D66E08600AD1034 /* headrefresh070.png */,
				4AF6AFAE1D66E08600AD1034 /* headrefresh071.png */,
				4AF6AFAF1D66E08600AD1034 /* headrefresh072.png */,
				4AF6AFB01D66E08600AD1034 /* headrefresh073.png */,
				4AF6AFB11D66E08600AD1034 /* headrefresh074.png */,
				4AF6AFB21D66E08600AD1034 /* headrefresh075.png */,
				4AF6AFB31D66E08600AD1034 /* headrefresh076.png */,
				4AF6AFB41D66E08600AD1034 /* headrefresh077.png */,
				4AF6AFB51D66E08600AD1034 /* headrefresh078.png */,
				4AF6AFB61D66E08600AD1034 /* headrefresh079.png */,
				4AF6AFB71D66E08600AD1034 /* headrefresh080.png */,
				4AF6AFB81D66E08600AD1034 /* headrefresh081.png */,
				4AF6AFB91D66E08600AD1034 /* headrefresh082.png */,
				4AF6AFBA1D66E08600AD1034 /* headrefresh083.png */,
				4AF6AFBB1D66E08600AD1034 /* headrefresh084.png */,
				4AF6AFBC1D66E08600AD1034 /* headrefresh085.png */,
				4AF6AFBD1D66E08600AD1034 /* headrefresh086.png */,
				4AF6AFBE1D66E08600AD1034 /* headrefresh087.png */,
				4AF6AFBF1D66E08600AD1034 /* headrefresh088.png */,
				4AF6AFC01D66E08600AD1034 /* headrefresh089.png */,
				4AF6AFC11D66E08600AD1034 /* headrefresh090.png */,
				4AF6AFC21D66E08600AD1034 /* headrefresh091.png */,
				4AF6AFC31D66E08600AD1034 /* headrefresh092.png */,
				4AF6AFC41D66E08600AD1034 /* headrefresh093.png */,
				4AF6AFC51D66E08600AD1034 /* headrefresh094.png */,
				4AF6AFC61D66E08600AD1034 /* headrefresh095.png */,
				4AF6AFC71D66E08600AD1034 /* headrefresh096.png */,
				4AF6AFC81D66E08600AD1034 /* headrefresh097.png */,
				4AF6AFC91D66E08600AD1034 /* headrefresh098.png */,
				4AF6AFCA1D66E08600AD1034 /* headrefresh099.png */,
				4AF6AFCB1D66E08600AD1034 /* headrefresh100.png */,
				4AF6AFCC1D66E08600AD1034 /* headrefresh101.png */,
				4AF6AFCD1D66E08600AD1034 /* headrefresh102.png */,
				4AF6AFCE1D66E08600AD1034 /* headrefresh103.png */,
				4AF6AFCF1D66E08600AD1034 /* headrefresh104.png */,
				4AF6AFD01D66E08600AD1034 /* headrefresh105.png */,
				4AF6AFD11D66E08600AD1034 /* headrefresh106.png */,
				4AF6AFD21D66E08600AD1034 /* headrefresh107.png */,
				4AF6AFD31D66E08600AD1034 /* headrefresh108.png */,
				4AF6AFD41D66E08600AD1034 /* headrefresh109.png */,
				4AF6AFD51D66E08600AD1034 /* headrefresh110.png */,
				4AF6AFD61D66E08600AD1034 /* headrefresh111.png */,
				4AF6AFD71D66E08600AD1034 /* headrefresh112.png */,
				4AF6AFD81D66E08600AD1034 /* headrefresh113.png */,
				4AF6AFD91D66E08600AD1034 /* headrefresh114.png */,
				4AF6AFDA1D66E08600AD1034 /* headrefresh115.png */,
				4AF6AFDB1D66E08600AD1034 /* headrefresh116.png */,
				4AF6AFDC1D66E08600AD1034 /* headrefresh117.png */,
				4AF6AFDD1D66E08600AD1034 /* headrefresh118.png */,
				4AF6AFDE1D66E08600AD1034 /* headrefresh119.png */,
			);
			path = HeadRefresh;
			sourceTree = "<group>";
		};
/* End PBXGroup section */

/* Begin PBXNativeTarget section */
		4AAE3C671D546758005C5AED /* NYRefresh */ = {
			isa = PBXNativeTarget;
			buildConfigurationList = 4AAE3C7F1D546758005C5AED /* Build configuration list for PBXNativeTarget "NYRefresh" */;
			buildPhases = (
				4AAE3C641D546758005C5AED /* Sources */,
				4AAE3C651D546758005C5AED /* Frameworks */,
				4AAE3C661D546758005C5AED /* Resources */,
			);
			buildRules = (
			);
			dependencies = (
			);
			name = NYRefresh;
			productName = NYRefresh;
			productReference = 4AAE3C681D546758005C5AED /* NYRefresh.app */;
			productType = "com.apple.product-type.application";
		};
/* End PBXNativeTarget section */

/* Begin PBXProject section */
		4AAE3C601D546758005C5AED /* Project object */ = {
			isa = PBXProject;
			attributes = {
				LastUpgradeCheck = 0730;
				ORGANIZATIONNAME = "牛严";
				TargetAttributes = {
					4AAE3C671D546758005C5AED = {
						CreatedOnToolsVersion = 7.3.1;
					};
				};
			};
			buildConfigurationList = 4AAE3C631D546758005C5AED /* Build configuration list for PBXProject "NYRefresh" */;
			compatibilityVersion = "Xcode 3.2";
			developmentRegion = English;
			hasScannedForEncodings = 0;
			knownRegions = (
				en,
				Base,
			);
			mainGroup = 4AAE3C5F1D546758005C5AED;
			productRefGroup = 4AAE3C691D546758005C5AED /* Products */;
			projectDirPath = "";
			projectRoot = "";
			targets = (
				4AAE3C671D546758005C5AED /* NYRefresh */,
			);
		};
/* End PBXProject section */

/* Begin PBXResourcesBuildPhase section */
		4AAE3C661D546758005C5AED /* Resources */ = {
			isa = PBXResourcesBuildPhase;
			buildActionMask = 2147483647;
			files = (
				4AF6B0441D66E08600AD1034 /* headrefresh101.png in Resources */,
				4AF6B0241D66E08600AD1034 /* headrefresh069.png in Resources */,
				4AF6B0421D66E08600AD1034 /* headrefresh099.png in Resources */,
				4AF6AFDF1D66E08600AD1034 /* headpull00.png in Resources */,
				4AF6B0041D66E08600AD1034 /* headpull37.png in Resources */,
				4AF6B0391D66E08600AD1034 /* headrefresh090.png in Resources */,
				4AF6B0221D66E08600AD1034 /* headrefresh067.png in Resources */,
				4AF6B0021D66E08600AD1034 /* headpull35.png in Resources */,
				4AF6AFE81D66E08600AD1034 /* headpull09.png in Resources */,
				4AF6B0321D66E08600AD1034 /* headrefresh083.png in Resources */,
				4AF6AFF81D66E08600AD1034 /* headpull25.png in Resources */,
				4AF6AFF31D66E08600AD1034 /* headpull20.png in Resources */,
				4AF6AFE61D66E08600AD1034 /* headpull07.png in Resources */,
				4AF6B0051D66E08600AD1034 /* headpull38.png in Resources */,
				4AF6B0311D66E08600AD1034 /* headrefresh082.png in Resources */,
				4AF6B0541D66E08600AD1034 /* headrefresh117.png in Resources */,
				4AF6AFFC1D66E08600AD1034 /* headpull29.png in Resources */,
				4AF6B0111D66E08600AD1034 /* headrefresh050.png in Resources */,
				4AF6B02E1D66E08600AD1034 /* headrefresh079.png in Resources */,
				4AF6B0341D66E08600AD1034 /* headrefresh085.png in Resources */,
				4AF6B0411D66E08600AD1034 /* headrefresh098.png in Resources */,
				4AF6B0181D66E08600AD1034 /* headrefresh057.png in Resources */,
				4AF6B0451D66E08600AD1034 /* headrefresh102.png in Resources */,
				4AF6B02D1D66E08600AD1034 /* headrefresh078.png in Resources */,
				4AF6B03D1D66E08600AD1034 /* headrefresh094.png in Resources */,
				4AF6AFF11D66E08600AD1034 /* headpull18.png in Resources */,
				4AF6B00A1D66E08600AD1034 /* headpull43.png in Resources */,
				4AF6AFEB1D66E08600AD1034 /* headpull12.png in Resources */,
				4AF6B02F1D66E08600AD1034 /* headrefresh080.png in Resources */,
				4AF6B0101D66E08600AD1034 /* headpull49.png in Resources */,
				4AF6B0251D66E08600AD1034 /* headrefresh070.png in Resources */,
				4AF6B0511D66E08600AD1034 /* headrefresh114.png in Resources */,
				4AF6B0381D66E08600AD1034 /* headrefresh089.png in Resources */,
				4AF6B0031D66E08600AD1034 /* headpull36.png in Resources */,
				4AF6B0361D66E08600AD1034 /* headrefresh087.png in Resources */,
				4AF6B01F1D66E08600AD1034 /* headrefresh064.png in Resources */,
				4AF6B0551D66E08600AD1034 /* headrefresh118.png in Resources */,
				4AF6B04C1D66E08600AD1034 /* headrefresh109.png in Resources */,
				4AF6B02A1D66E08600AD1034 /* headrefresh075.png in Resources */,
				4AF6AFE41D66E08600AD1034 /* headpull05.png in Resources */,
				4AF6B00D1D66E08600AD1034 /* headpull46.png in Resources */,
				4AF6B0011D66E08600AD1034 /* headpull34.png in Resources */,
				4AAE3C7B1D546758005C5AED /* LaunchScreen.storyboard in Resources */,
				4AF6AFE71D66E08600AD1034 /* headpull08.png in Resources */,
				4AF6B0291D66E08600AD1034 /* headrefresh074.png in Resources */,
				4AF6B0091D66E08600AD1034 /* headpull42.png in Resources */,
				4AAE3C781D546758005C5AED /* Assets.xcassets in Resources */,
				4AF6B0271D66E08600AD1034 /* headrefresh072.png in Resources */,
				4AF6AFE51D66E08600AD1034 /* headpull06.png in Resources */,
				4AF6AFF01D66E08600AD1034 /* headpull17.png in Resources */,
				4AF6B01C1D66E08600AD1034 /* headrefresh061.png in Resources */,
				4AF6AFFE1D66E08600AD1034 /* headpull31.png in Resources */,
				4AF6B0071D66E08600AD1034 /* headpull40.png in Resources */,
				4AF6B03F1D66E08600AD1034 /* headrefresh096.png in Resources */,
				4AF6B02B1D66E08600AD1034 /* headrefresh076.png in Resources */,
				4AF6B00E1D66E08600AD1034 /* headpull47.png in Resources */,
				4AF6B02C1D66E08600AD1034 /* headrefresh077.png in Resources */,
				4AF6B0211D66E08600AD1034 /* headrefresh066.png in Resources */,
				4AF6B04A1D66E08600AD1034 /* headrefresh107.png in Resources */,
				4AF6B01B1D66E08600AD1034 /* headrefresh060.png in Resources */,
				4AF6B0141D66E08600AD1034 /* headrefresh053.png in Resources */,
				4AF6AFEE1D66E08600AD1034 /* headpull15.png in Resources */,
				4AF6B0301D66E08600AD1034 /* headrefresh081.png in Resources */,
				4AF6B00B1D66E08600AD1034 /* headpull44.png in Resources */,
				4AF6B0131D66E08600AD1034 /* headrefresh052.png in Resources */,
				4AF6B04D1D66E08600AD1034 /* headrefresh110.png in Resources */,
				4AF6B0161D66E08600AD1034 /* headrefresh055.png in Resources */,
				4AF6B0261D66E08600AD1034 /* headrefresh071.png in Resources */,
				4AF6B04B1D66E08600AD1034 /* headrefresh108.png in Resources */,
				4AF6AFF91D66E08600AD1034 /* headpull26.png in Resources */,
				4AF6AFED1D66E08600AD1034 /* headpull14.png in Resources */,
				4AF6B00C1D66E08600AD1034 /* headpull45.png in Resources */,
				4AF6B0491D66E08600AD1034 /* headrefresh106.png in Resources */,
				4AF6B01A1D66E08600AD1034 /* headrefresh059.png in Resources */,
				4AF6B0481D66E08600AD1034 /* headrefresh105.png in Resources */,
				4AF6B0081D66E08600AD1034 /* headpull41.png in Resources */,
				4AF6B0191D66E08600AD1034 /* headrefresh058.png in Resources */,
				4AF6AFF51D66E08600AD1034 /* headpull22.png in Resources */,
				4AF6B0351D66E08600AD1034 /* headrefresh086.png in Resources */,
				4AF6B03E1D66E08600AD1034 /* headrefresh095.png in Resources */,
				4AF6AFE21D66E08600AD1034 /* headpull03.png in Resources */,
				4AF6B03B1D66E08600AD1034 /* headrefresh092.png in Resources */,
				4AF6B03A1D66E08600AD1034 /* headrefresh091.png in Resources */,
				4AF6B04E1D66E08600AD1034 /* headrefresh111.png in Resources */,
				4AF6B0061D66E08600AD1034 /* headpull39.png in Resources */,
				4AF6B04F1D66E08600AD1034 /* headrefresh112.png in Resources */,
				4AF6B0471D66E08600AD1034 /* headrefresh104.png in Resources */,
				4AF6AFEA1D66E08600AD1034 /* headpull11.png in Resources */,
				4AF6AFEC1D66E08600AD1034 /* headpull13.png in Resources */,
				4AF6AFE91D66E08600AD1034 /* headpull10.png in Resources */,
				4AF6AFE31D66E08600AD1034 /* headpull04.png in Resources */,
				4AF6B03C1D66E08600AD1034 /* headrefresh093.png in Resources */,
				4AF6B0001D66E08600AD1034 /* headpull33.png in Resources */,
				4AAE3C761D546758005C5AED /* Main.storyboard in Resources */,
				4AF6B0371D66E08600AD1034 /* headrefresh088.png in Resources */,
				4AF6B01D1D66E08600AD1034 /* headrefresh062.png in Resources */,
				4AF6B0171D66E08600AD1034 /* headrefresh056.png in Resources */,
				4AF6B00F1D66E08600AD1034 /* headpull48.png in Resources */,
				4AF6AFFF1D66E08600AD1034 /* headpull32.png in Resources */,
				4AF6AFF21D66E08600AD1034 /* headpull19.png in Resources */,
				4AF6B0121D66E08600AD1034 /* headrefresh051.png in Resources */,
				4AF6AFF71D66E08600AD1034 /* headpull24.png in Resources */,
				4AF6B01E1D66E08600AD1034 /* headrefresh063.png in Resources */,
				4AF6AFE11D66E08600AD1034 /* headpull02.png in Resources */,
				4AF6B0281D66E08600AD1034 /* headrefresh073.png in Resources */,
				4AF6AFFB1D66E08600AD1034 /* headpull28.png in Resources */,
				4AF6AFFA1D66E08600AD1034 /* headpull27.png in Resources */,
				4AF6AFE01D66E08600AD1034 /* headpull01.png in Resources */,
				4AF6B0521D66E08600AD1034 /* headrefresh115.png in Resources */,
				4AF6B0401D66E08600AD1034 /* headrefresh097.png in Resources */,
				4AF6B0461D66E08600AD1034 /* headrefresh103.png in Resources */,
				4AF6B0151D66E08600AD1034 /* headrefresh054.png in Resources */,
				4AF6B0531D66E08600AD1034 /* headrefresh116.png in Resources */,
				4AF6AFEF1D66E08600AD1034 /* headpull16.png in Resources */,
				4AF6B0331D66E08600AD1034 /* headrefresh084.png in Resources */,
				4AF6AFFD1D66E08600AD1034 /* headpull30.png in Resources */,
				4AF6B0231D66E08600AD1034 /* headrefresh068.png in Resources */,
				4AF6AFF41D66E08600AD1034 /* headpull21.png in Resources */,
				4AF6AFF61D66E08600AD1034 /* headpull23.png in Resources */,
				4AF6B0561D66E08600AD1034 /* headrefresh119.png in Resources */,
				4AF6B0201D66E08600AD1034 /* headrefresh065.png in Resources */,
				4AF6B0431D66E08600AD1034 /* headrefresh100.png in Resources */,
				4AF6B0501D66E08600AD1034 /* headrefresh113.png in Resources */,
			);
			runOnlyForDeploymentPostprocessing = 0;
		};
/* End PBXResourcesBuildPhase section */

/* Begin PBXSourcesBuildPhase section */
		4AAE3C641D546758005C5AED /* Sources */ = {
			isa = PBXSourcesBuildPhase;
			buildActionMask = 2147483647;
			files = (
				4AAE3C841D5467E8005C5AED /* TestVC.m in Sources */,
				4AAE3C731D546758005C5AED /* ViewController.m in Sources */,
				4AAE3C701D546758005C5AED /* AppDelegate.m in Sources */,
				4AAE3C8E1D546DCE005C5AED /* NYRefreshHeader.m in Sources */,
				4AAE3C8B1D546C21005C5AED /* UIScrollView+NYRefresh.m in Sources */,
				4AAE3C911D5479DA005C5AED /* UIView+NYRefresh.m in Sources */,
				4AAE3C6D1D546758005C5AED /* main.m in Sources */,
			);
			runOnlyForDeploymentPostprocessing = 0;
		};
/* End PBXSourcesBuildPhase section */

/* Begin PBXVariantGroup section */
		4AAE3C741D546758005C5AED /* Main.storyboard */ = {
			isa = PBXVariantGroup;
			children = (
				4AAE3C751D546758005C5AED /* Base */,
			);
			name = Main.storyboard;
			sourceTree = "<group>";
		};
		4AAE3C791D546758005C5AED /* LaunchScreen.storyboard */ = {
			isa = PBXVariantGroup;
			children = (
				4AAE3C7A1D546758005C5AED /* Base */,
			);
			name = LaunchScreen.storyboard;
			sourceTree = "<group>";
		};
/* End PBXVariantGroup section */

/* Begin XCBuildConfiguration section */
		4AAE3C7D1D546758005C5AED /* Debug */ = {
			isa = XCBuildConfiguration;
			buildSettings = {
				ALWAYS_SEARCH_USER_PATHS = NO;
				CLANG_ANALYZER_NONNULL = YES;
				CLANG_CXX_LANGUAGE_STANDARD = "gnu++0x";
				CLANG_CXX_LIBRARY = "libc++";
				CLANG_ENABLE_MODULES = YES;
				CLANG_ENABLE_OBJC_ARC = YES;
				CLANG_WARN_BOOL_CONVERSION = YES;
				CLANG_WARN_CONSTANT_CONVERSION = YES;
				CLANG_WARN_DIRECT_OBJC_ISA_USAGE = YES_ERROR;
				CLANG_WARN_EMPTY_BODY = YES;
				CLANG_WARN_ENUM_CONVERSION = YES;
				CLANG_WARN_INT_CONVERSION = YES;
				CLANG_WARN_OBJC_ROOT_CLASS = YES_ERROR;
				CLANG_WARN_UNREACHABLE_CODE = YES;
				CLANG_WARN__DUPLICATE_METHOD_MATCH = YES;
				"CODE_SIGN_IDENTITY[sdk=iphoneos*]" = "iPhone Developer";
				COPY_PHASE_STRIP = NO;
				DEBUG_INFORMATION_FORMAT = dwarf;
				ENABLE_STRICT_OBJC_MSGSEND = YES;
				ENABLE_TESTABILITY = YES;
				GCC_C_LANGUAGE_STANDARD = gnu99;
				GCC_DYNAMIC_NO_PIC = NO;
				GCC_NO_COMMON_BLOCKS = YES;
				GCC_OPTIMIZATION_LEVEL = 0;
				GCC_PREPROCESSOR_DEFINITIONS = (
					"DEBUG=1",
					"$(inherited)",
				);
				GCC_WARN_64_TO_32_BIT_CONVERSION = YES;
				GCC_WARN_ABOUT_RETURN_TYPE = YES_ERROR;
				GCC_WARN_UNDECLARED_SELECTOR = YES;
				GCC_WARN_UNINITIALIZED_AUTOS = YES_AGGRESSIVE;
				GCC_WARN_UNUSED_FUNCTION = YES;
				GCC_WARN_UNUSED_VARIABLE = YES;
				IPHONEOS_DEPLOYMENT_TARGET = 9.3;
				MTL_ENABLE_DEBUG_INFO = YES;
				ONLY_ACTIVE_ARCH = YES;
				SDKROOT = iphoneos;
				TARGETED_DEVICE_FAMILY = "1,2";
			};
			name = Debug;
		};
		4AAE3C7E1D546758005C5AED /* Release */ = {
			isa = XCBuildConfiguration;
			buildSettings = {
				ALWAYS_SEARCH_USER_PATHS = NO;
				CLANG_ANALYZER_NONNULL = YES;
				CLANG_CXX_LANGUAGE_STANDARD = "gnu++0x";
				CLANG_CXX_LIBRARY = "libc++";
				CLANG_ENABLE_MODULES = YES;
				CLANG_ENABLE_OBJC_ARC = YES;
				CLANG_WARN_BOOL_CONVERSION = YES;
				CLANG_WARN_CONSTANT_CONVERSION = YES;
				CLANG_WARN_DIRECT_OBJC_ISA_USAGE = YES_ERROR;
				CLANG_WARN_EMPTY_BODY = YES;
				CLANG_WARN_ENUM_CONVERSION = YES;
				CLANG_WARN_INT_CONVERSION = YES;
				CLANG_WARN_OBJC_ROOT_CLASS = YES_ERROR;
				CLANG_WARN_UNREACHABLE_CODE = YES;
				CLANG_WARN__DUPLICATE_METHOD_MATCH = YES;
				"CODE_SIGN_IDENTITY[sdk=iphoneos*]" = "iPhone Developer";
				COPY_PHASE_STRIP = NO;
				DEBUG_INFORMATION_FORMAT = "dwarf-with-dsym";
				ENABLE_NS_ASSERTIONS = NO;
				ENABLE_STRICT_OBJC_MSGSEND = YES;
				GCC_C_LANGUAGE_STANDARD = gnu99;
				GCC_NO_COMMON_BLOCKS = YES;
				GCC_WARN_64_TO_32_BIT_CONVERSION = YES;
				GCC_WARN_ABOUT_RETURN_TYPE = YES_ERROR;
				GCC_WARN_UNDECLARED_SELECTOR = YES;
				GCC_WARN_UNINITIALIZED_AUTOS = YES_AGGRESSIVE;
				GCC_WARN_UNUSED_FUNCTION = YES;
				GCC_WARN_UNUSED_VARIABLE = YES;
				IPHONEOS_DEPLOYMENT_TARGET = 9.3;
				MTL_ENABLE_DEBUG_INFO = NO;
				SDKROOT = iphoneos;
				TARGETED_DEVICE_FAMILY = "1,2";
				VALIDATE_PRODUCT = YES;
			};
			name = Release;
		};
		4AAE3C801D546758005C5AED /* Debug */ = {
			isa = XCBuildConfiguration;
			buildSettings = {
				ASSETCATALOG_COMPILER_APPICON_NAME = AppIcon;
				INFOPLIST_FILE = NYRefresh/Info.plist;
				LD_RUNPATH_SEARCH_PATHS = "$(inherited) @executable_path/Frameworks";
				PRODUCT_BUNDLE_IDENTIFIER = tech.niuyan.NYRefresh;
				PRODUCT_NAME = "$(TARGET_NAME)";
			};
			name = Debug;
		};
		4AAE3C811D546758005C5AED /* Release */ = {
			isa = XCBuildConfiguration;
			buildSettings = {
				ASSETCATALOG_COMPILER_APPICON_NAME = AppIcon;
				INFOPLIST_FILE = NYRefresh/Info.plist;
				LD_RUNPATH_SEARCH_PATHS = "$(inherited) @executable_path/Frameworks";
				PRODUCT_BUNDLE_IDENTIFIER = tech.niuyan.NYRefresh;
				PRODUCT_NAME = "$(TARGET_NAME)";
			};
			name = Release;
		};
/* End XCBuildConfiguration section */

/* Begin XCConfigurationList section */
		4AAE3C631D546758005C5AED /* Build configuration list for PBXProject "NYRefresh" */ = {
			isa = XCConfigurationList;
			buildConfigurations = (
				4AAE3C7D1D546758005C5AED /* Debug */,
				4AAE3C7E1D546758005C5AED /* Release */,
			);
			defaultConfigurationIsVisible = 0;
			defaultConfigurationName = Release;
		};
		4AAE3C7F1D546758005C5AED /* Build configuration list for PBXNativeTarget "NYRefresh" */ = {
			isa = XCConfigurationList;
			buildConfigurations = (
				4AAE3C801D546758005C5AED /* Debug */,
				4AAE3C811D546758005C5AED /* Release */,
			);
			defaultConfigurationIsVisible = 0;
			defaultConfigurationName = Release;
		};
/* End XCConfigurationList section */
	};
	rootObject = 4AAE3C601D546758005C5AED /* Project object */;
}
