// !$*UTF8*$!
{
	archiveVersion = 1;
	classes = {
	};
	objectVersion = 46;
	objects = {

/* Begin PBXBuildFile section */
		4AAE3C6D1D546758005C5AED /* main.m in Sources */ = {isa = PBXBuildFile; fileRef = 4AAE3C6C1D546758005C5AED /* main.m */; };
		4AAE3C701D546758005C5AED /* AppDelegate.m in Sources */ = {isa = PBXBuildFile; fileRef = 4AAE3C6F1D546758005C5AED /* AppDelegate.m */; };
		4AAE3C731D546758005C5AED /* ViewController.m in Sources */ = {isa = PBXBuildFile; fileRef = 4AAE3C721D546758005C5AED /* ViewController.m */; };
		4AAE3C761D546758005C5AED /* Main.storyboard in Resources */ = {isa = PBXBuildFile; fileRef = 4AAE3C741D546758005C5AED /* Main.storyboard */; };
		4AAE3C781D546758005C5AED /* Assets.xcassets in Resources */ = {isa = PBXBuildFile; fileRef = 4AAE3C771D546758005C5AED /* Assets.xcassets */; };
		4AAE3C7B1D546758005C5AED /* LaunchScreen.storyboard in Resources */ = {isa = PBXBuildFile; fileRef = 4AAE3C791D546758005C5AED /* LaunchScreen.storyboard */; };
/* End PBXBuildFile section */

/* Begin PBXFileReference section */
		4AAE3C681D546758005C5AED /* NYRefresh.app */ = {isa = PBXFileReference; explicitFileType = wrapper.application; includeInIndex = 0; path = NYRefresh.app; sourceTree = BUILT_PRODUCTS_DIR; };
		4AAE3C6C1D546758005C5AED /* main.m */ = {isa = PBXFileReference; lastKnownFileType = sourcecode.c.objc; path = main.m; sourceTree = "<group>"; };
		4AAE3C6E1D546758005C5AED /* AppDelegate.h */ = {isa = PBXFileReference; lastKnownFileType = sourcecode.c.h; path = AppDelegate.h; sourceTree = "<group>"; };
		4AAE3C6F1D546758005C5AED /* AppDelegate.m */ = {isa = PBXFileReference; lastKnownFileType = sourcecode.c.objc; path = AppDelegate.m; sourceTree = "<group>"; };
		4AAE3C711D546758005C5AED /* ViewController.h */ = {isa = PBXFileReference; lastKnownFileType = sourcecode.c.h; path = ViewController.h; sourceTree = "<group>"; };
		4AAE3C721D546758005C5AED /* ViewController.m */ = {isa = PBXFileReference; lastKnownFileType = sourcecode.c.objc; path = ViewController.m; sourceTree = "<group>"; };
		4AAE3C751D546758005C5AED /* Base */ = {isa = PBXFileReference; lastKnownFileType = file.storyboard; name = Base; path = Base.lproj/Main.storyboard; sourceTree = "<group>"; };
		4AAE3C771D546758005C5AED /* Assets.xcassets */ = {isa = PBXFileReference; lastKnownFileType = folder.assetcatalog; path = Assets.xcassets; sourceTree = "<group>"; };
		4AAE3C7A1D546758005C5AED /* Base */ = {isa = PBXFileReference; lastKnownFileType = file.storyboard; name = Base; path = Base.lproj/LaunchScreen.storyboard; sourceTree = "<group>"; };
		4AAE3C7C1D546758005C5AED /* Info.plist */ = {isa = PBXFileReference; lastKnownFileType = text.plist.xml; path = Info.plist; sourceTree = "<group>"; };
/* End PBXFileReference section */

/* Begin PBXFrameworksBuildPhase section */
		4AAE3C651D546758005C5AED /* Frameworks */ = {
			isa = PBXFrameworksBuildPhase;
			buildActionMask = 2147483647;
			files = (
			);
			runOnlyForDeploymentPostprocessing = 0;
		};
/* End PBXFrameworksBuildPhase section */

/* Begin PBXGroup section */
		4AAE3C5F1D546758005C5AED = {
			isa = PBXGroup;
			children = (
				4AAE3C6A1D546758005C5AED /* NYRefresh */,
				4AAE3C691D546758005C5AED /* Products */,
			);
			sourceTree = "<group>";
		};
		4AAE3C691D546758005C5AED /* Products */ = {
			isa = PBXGroup;
			children = (
				4AAE3C681D546758005C5AED /* NYRefresh.app */,
			);
			name = Products;
			sourceTree = "<group>";
		};
		4AAE3C6A1D546758005C5AED /* NYRefresh */ = {
			isa = PBXGroup;
			children = (
				4AAE3C6E1D546758005C5AED /* AppDelegate.h */,
				4AAE3C6F1D546758005C5AED /* AppDelegate.m */,
				4AAE3C711D546758005C5AED /* ViewController.h */,
				4AAE3C721D546758005C5AED /* ViewController.m */,
				4AAE3C741D546758005C5AED /* Main.storyboard */,
				4AAE3C771D546758005C5AED /* Assets.xcassets */,
				4AAE3C791D546758005C5AED /* LaunchScreen.storyboard */,
				4AAE3C7C1D546758005C5AED /* Info.plist */,
				4AAE3C6B1D546758005C5AED /* Supporting Files */,
			);
			path = NYRefresh;
			sourceTree = "<group>";
		};
		4AAE3C6B1D546758005C5AED /* Supporting Files */ = {
			isa = PBXGroup;
			children = (
				4AAE3C6C1D546758005C5AED /* main.m */,
			);
			name = "Supporting Files";
			sourceTree = "<group>";
		};
/* End PBXGroup section */

/* Begin PBXNativeTarget section */
		4AAE3C671D546758005C5AED /* NYRefresh */ = {
			isa = PBXNativeTarget;
			buildConfigurationList = 4AAE3C7F1D546758005C5AED /* Build configuration list for PBXNativeTarget "NYRefresh" */;
			buildPhases = (
				4AAE3C641D546758005C5AED /* Sources */,
				4AAE3C651D546758005C5AED /* Frameworks */,
				4AAE3C661D546758005C5AED /* Resources */,
			);
			buildRules = (
			);
			dependencies = (
			);
			name = NYRefresh;
			productName = NYRefresh;
			productReference = 4AAE3C681D546758005C5AED /* NYRefresh.app */;
			productType = "com.apple.product-type.application";
		};
/* End PBXNativeTarget section */

/* Begin PBXProject section */
		4AAE3C601D546758005C5AED /* Project object */ = {
			isa = PBXProject;
			attributes = {
				LastUpgradeCheck = 0730;
				ORGANIZATIONNAME = "牛严";
				TargetAttributes = {
					4AAE3C671D546758005C5AED = {
						CreatedOnToolsVersion = 7.3.1;
					};
				};
			};
			buildConfigurationList = 4AAE3C631D546758005C5AED /* Build configuration list for PBXProject "NYRefresh" */;
			compatibilityVersion = "Xcode 3.2";
			developmentRegion = English;
			hasScannedForEncodings = 0;
			knownRegions = (
				en,
				Base,
			);
			mainGroup = 4AAE3C5F1D546758005C5AED;
			productRefGroup = 4AAE3C691D546758005C5AED /* Products */;
			projectDirPath = "";
			projectRoot = "";
			targets = (
				4AAE3C671D546758005C5AED /* NYRefresh */,
			);
		};
/* End PBXProject section */

/* Begin PBXResourcesBuildPhase section */
		4AAE3C661D546758005C5AED /* Resources */ = {
			isa = PBXResourcesBuildPhase;
			buildActionMask = 2147483647;
			files = (
				4AAE3C7B1D546758005C5AED /* LaunchScreen.storyboard in Resources */,
				4AAE3C781D546758005C5AED /* Assets.xcassets in Resources */,
				4AAE3C761D546758005C5AED /* Main.storyboard in Resources */,
			);
			runOnlyForDeploymentPostprocessing = 0;
		};
/* End PBXResourcesBuildPhase section */

/* Begin PBXSourcesBuildPhase section */
		4AAE3C641D546758005C5AED /* Sources */ = {
			isa = PBXSourcesBuildPhase;
			buildActionMask = 2147483647;
			files = (
				4AAE3C731D546758005C5AED /* ViewController.m in Sources */,
				4AAE3C701D546758005C5AED /* AppDelegate.m in Sources */,
				4AAE3C6D1D546758005C5AED /* main.m in Sources */,
			);
			runOnlyForDeploymentPostprocessing = 0;
		};
/* End PBXSourcesBuildPhase section */

/* Begin PBXVariantGroup section */
		4AAE3C741D546758005C5AED /* Main.storyboard */ = {
			isa = PBXVariantGroup;
			children = (
				4AAE3C751D546758005C5AED /* Base */,
			);
			name = Main.storyboard;
			sourceTree = "<group>";
		};
		4AAE3C791D546758005C5AED /* LaunchScreen.storyboard */ = {
			isa = PBXVariantGroup;
			children = (
				4AAE3C7A1D546758005C5AED /* Base */,
			);
			name = LaunchScreen.storyboard;
			sourceTree = "<group>";
		};
/* End PBXVariantGroup section */

/* Begin XCBuildConfiguration section */
		4AAE3C7D1D546758005C5AED /* Debug */ = {
			isa = XCBuildConfiguration;
			buildSettings = {
				ALWAYS_SEARCH_USER_PATHS = NO;
				CLANG_ANALYZER_NONNULL = YES;
				CLANG_CXX_LANGUAGE_STANDARD = "gnu++0x";
				CLANG_CXX_LIBRARY = "libc++";
				CLANG_ENABLE_MODULES = YES;
				CLANG_ENABLE_OBJC_ARC = YES;
				CLANG_WARN_BOOL_CONVERSION = YES;
				CLANG_WARN_CONSTANT_CONVERSION = YES;
				CLANG_WARN_DIRECT_OBJC_ISA_USAGE = YES_ERROR;
				CLANG_WARN_EMPTY_BODY = YES;
				CLANG_WARN_ENUM_CONVERSION = YES;
				CLANG_WARN_INT_CONVERSION = YES;
				CLANG_WARN_OBJC_ROOT_CLASS = YES_ERROR;
				CLANG_WARN_UNREACHABLE_CODE = YES;
				CLANG_WARN__DUPLICATE_METHOD_MATCH = YES;
				"CODE_SIGN_IDENTITY[sdk=iphoneos*]" = "iPhone Developer";
				COPY_PHASE_STRIP = NO;
				DEBUG_INFORMATION_FORMAT = dwarf;
				ENABLE_STRICT_OBJC_MSGSEND = YES;
				ENABLE_TESTABILITY = YES;
				GCC_C_LANGUAGE_STANDARD = gnu99;
				GCC_DYNAMIC_NO_PIC = NO;
				GCC_NO_COMMON_BLOCKS = YES;
				GCC_OPTIMIZATION_LEVEL = 0;
				GCC_PREPROCESSOR_DEFINITIONS = (
					"DEBUG=1",
					"$(inherited)",
				);
				GCC_WARN_64_TO_32_BIT_CONVERSION = YES;
				GCC_WARN_ABOUT_RETURN_TYPE = YES_ERROR;
				GCC_WARN_UNDECLARED_SELECTOR = YES;
				GCC_WARN_UNINITIALIZED_AUTOS = YES_AGGRESSIVE;
				GCC_WARN_UNUSED_FUNCTION = YES;
				GCC_WARN_UNUSED_VARIABLE = YES;
				IPHONEOS_DEPLOYMENT_TARGET = 9.3;
				MTL_ENABLE_DEBUG_INFO = YES;
				ONLY_ACTIVE_ARCH = YES;
				SDKROOT = iphoneos;
				TARGETED_DEVICE_FAMILY = "1,2";
			};
			name = Debug;
		};
		4AAE3C7E1D546758005C5AED /* Release */ = {
			isa = XCBuildConfiguration;
			buildSettings = {
				ALWAYS_SEARCH_USER_PATHS = NO;
				CLANG_ANALYZER_NONNULL = YES;
				CLANG_CXX_LANGUAGE_STANDARD = "gnu++0x";
				CLANG_CXX_LIBRARY = "libc++";
				CLANG_ENABLE_MODULES = YES;
				CLANG_ENABLE_OBJC_ARC = YES;
				CLANG_WARN_BOOL_CONVERSION = YES;
				CLANG_WARN_CONSTANT_CONVERSION = YES;
				CLANG_WARN_DIRECT_OBJC_ISA_USAGE = YES_ERROR;
				CLANG_WARN_EMPTY_BODY = YES;
				CLANG_WARN_ENUM_CONVERSION = YES;
				CLANG_WARN_INT_CONVERSION = YES;
				CLANG_WARN_OBJC_ROOT_CLASS = YES_ERROR;
				CLANG_WARN_UNREACHABLE_CODE = YES;
				CLANG_WARN__DUPLICATE_METHOD_MATCH = YES;
				"CODE_SIGN_IDENTITY[sdk=iphoneos*]" = "iPhone Developer";
				COPY_PHASE_STRIP = NO;
				DEBUG_INFORMATION_FORMAT = "dwarf-with-dsym";
				ENABLE_NS_ASSERTIONS = NO;
				ENABLE_STRICT_OBJC_MSGSEND = YES;
				GCC_C_LANGUAGE_STANDARD = gnu99;
				GCC_NO_COMMON_BLOCKS = YES;
				GCC_WARN_64_TO_32_BIT_CONVERSION = YES;
				GCC_WARN_ABOUT_RETURN_TYPE = YES_ERROR;
				GCC_WARN_UNDECLARED_SELECTOR = YES;
				GCC_WARN_UNINITIALIZED_AUTOS = YES_AGGRESSIVE;
				GCC_WARN_UNUSED_FUNCTION = YES;
				GCC_WARN_UNUSED_VARIABLE = YES;
				IPHONEOS_DEPLOYMENT_TARGET = 9.3;
				MTL_ENABLE_DEBUG_INFO = NO;
				SDKROOT = iphoneos;
				TARGETED_DEVICE_FAMILY = "1,2";
				VALIDATE_PRODUCT = YES;
			};
			name = Release;
		};
		4AAE3C801D546758005C5AED /* Debug */ = {
			isa = XCBuildConfiguration;
			buildSettings = {
				ASSETCATALOG_COMPILER_APPICON_NAME = AppIcon;
				INFOPLIST_FILE = NYRefresh/Info.plist;
				LD_RUNPATH_SEARCH_PATHS = "$(inherited) @executable_path/Frameworks";
				PRODUCT_BUNDLE_IDENTIFIER = tech.niuyan.NYRefresh;
				PRODUCT_NAME = "$(TARGET_NAME)";
			};
			name = Debug;
		};
		4AAE3C811D546758005C5AED /* Release */ = {
			isa = XCBuildConfiguration;
			buildSettings = {
				ASSETCATALOG_COMPILER_APPICON_NAME = AppIcon;
				INFOPLIST_FILE = NYRefresh/Info.plist;
				LD_RUNPATH_SEARCH_PATHS = "$(inherited) @executable_path/Frameworks";
				PRODUCT_BUNDLE_IDENTIFIER = tech.niuyan.NYRefresh;
				PRODUCT_NAME = "$(TARGET_NAME)";
			};
			name = Release;
		};
/* End XCBuildConfiguration section */

/* Begin XCConfigurationList section */
		4AAE3C631D546758005C5AED /* Build configuration list for PBXProject "NYRefresh" */ = {
			isa = XCConfigurationList;
			buildConfigurations = (
				4AAE3C7D1D546758005C5AED /* Debug */,
				4AAE3C7E1D546758005C5AED /* Release */,
			);
			defaultConfigurationIsVisible = 0;
			defaultConfigurationName = Release;
		};
		4AAE3C7F1D546758005C5AED /* Build configuration list for PBXNativeTarget "NYRefresh" */ = {
			isa = XCConfigurationList;
			buildConfigurations = (
				4AAE3C801D546758005C5AED /* Debug */,
				4AAE3C811D546758005C5AED /* Release */,
			);
			defaultConfigurationIsVisible = 0;
		};
/* End XCConfigurationList section */
	};
	rootObject = 4AAE3C601D546758005C5AED /* Project object */;
}
